// !$*UTF8*$!
{
	archiveVersion = 1;
	classes = {
	};
	objectVersion = 46;
	objects = {

/* Begin PBXBuildFile section */
		D2E55D941BAFF1FD00738CD9 /* main.m in Sources */ = {isa = PBXBuildFile; fileRef = D2E55D931BAFF1FD00738CD9 /* main.m */; };
		D2E55D971BAFF1FD00738CD9 /* AppDelegate.m in Sources */ = {isa = PBXBuildFile; fileRef = D2E55D961BAFF1FD00738CD9 /* AppDelegate.m */; };
		D2E55D9A1BAFF1FD00738CD9 /* ViewController.m in Sources */ = {isa = PBXBuildFile; fileRef = D2E55D991BAFF1FD00738CD9 /* ViewController.m */; };
		D2E55D9D1BAFF1FD00738CD9 /* Main.storyboard in Resources */ = {isa = PBXBuildFile; fileRef = D2E55D9B1BAFF1FD00738CD9 /* Main.storyboard */; };
		D2E55D9F1BAFF1FD00738CD9 /* Assets.xcassets in Resources */ = {isa = PBXBuildFile; fileRef = D2E55D9E1BAFF1FD00738CD9 /* Assets.xcassets */; };
		D2E55DA21BAFF1FD00738CD9 /* LaunchScreen.storyboard in Resources */ = {isa = PBXBuildFile; fileRef = D2E55DA01BAFF1FD00738CD9 /* LaunchScreen.storyboard */; };
		D2E55DAD1BAFF1FD00738CD9 /* ___2Tests.m in Sources */ = {isa = PBXBuildFile; fileRef = D2E55DAC1BAFF1FD00738CD9 /* ___2Tests.m */; };
		D2E55DB81BAFF1FD00738CD9 /* ___2UITests.m in Sources */ = {isa = PBXBuildFile; fileRef = D2E55DB71BAFF1FD00738CD9 /* ___2UITests.m */; };
/* End PBXBuildFile section */

/* Begin PBXContainerItemProxy section */
		D2E55DA91BAFF1FD00738CD9 /* PBXContainerItemProxy */ = {
			isa = PBXContainerItemProxy;
			containerPortal = D2E55D871BAFF1FC00738CD9 /* Project object */;
			proxyType = 1;
			remoteGlobalIDString = D2E55D8E1BAFF1FC00738CD9;
			remoteInfo = "计算器2";
		};
		D2E55DB41BAFF1FD00738CD9 /* PBXContainerItemProxy */ = {
			isa = PBXContainerItemProxy;
			containerPortal = D2E55D871BAFF1FC00738CD9 /* Project object */;
			proxyType = 1;
			remoteGlobalIDString = D2E55D8E1BAFF1FC00738CD9;
			remoteInfo = "计算器2";
		};
/* End PBXContainerItemProxy section */

/* Begin PBXFileReference section */
		D2E55D8F1BAFF1FD00738CD9 /* 计算器2.app */ = {isa = PBXFileReference; explicitFileType = wrapper.application; includeInIndex = 0; path = "计算器2.app"; sourceTree = BUILT_PRODUCTS_DIR; };
		D2E55D931BAFF1FD00738CD9 /* main.m */ = {isa = PBXFileReference; lastKnownFileType = sourcecode.c.objc; path = main.m; sourceTree = "<group>"; };
		D2E55D951BAFF1FD00738CD9 /* AppDelegate.h */ = {isa = PBXFileReference; lastKnownFileType = sourcecode.c.h; path = AppDelegate.h; sourceTree = "<group>"; };
		D2E55D961BAFF1FD00738CD9 /* AppDelegate.m */ = {isa = PBXFileReference; lastKnownFileType = sourcecode.c.objc; path = AppDelegate.m; sourceTree = "<group>"; };
		D2E55D981BAFF1FD00738CD9 /* ViewController.h */ = {isa = PBXFileReference; lastKnownFileType = sourcecode.c.h; path = ViewController.h; sourceTree = "<group>"; };
		D2E55D991BAFF1FD00738CD9 /* ViewController.m */ = {isa = PBXFileReference; lastKnownFileType = sourcecode.c.objc; path = ViewController.m; sourceTree = "<group>"; };
		D2E55D9C1BAFF1FD00738CD9 /* Base */ = {isa = PBXFileReference; lastKnownFileType = file.storyboard; name = Base; path = Base.lproj/Main.storyboard; sourceTree = "<group>"; };
		D2E55D9E1BAFF1FD00738CD9 /* Assets.xcassets */ = {isa = PBXFileReference; lastKnownFileType = folder.assetcatalog; path = Assets.xcassets; sourceTree = "<group>"; };
		D2E55DA11BAFF1FD00738CD9 /* Base */ = {isa = PBXFileReference; lastKnownFileType = file.storyboard; name = Base; path = Base.lproj/LaunchScreen.storyboard; sourceTree = "<group>"; };
		D2E55DA31BAFF1FD00738CD9 /* Info.plist */ = {isa = PBXFileReference; lastKnownFileType = text.plist.xml; path = Info.plist; sourceTree = "<group>"; };
		D2E55DA81BAFF1FD00738CD9 /* 计算器2Tests.xctest */ = {isa = PBXFileReference; explicitFileType = wrapper.cfbundle; includeInIndex = 0; path = "计算器2Tests.xctest"; sourceTree = BUILT_PRODUCTS_DIR; };
		D2E55DAC1BAFF1FD00738CD9 /* ___2Tests.m */ = {isa = PBXFileReference; lastKnownFileType = sourcecode.c.objc; path = "___2Tests.m"; sourceTree = "<group>"; };
		D2E55DAE1BAFF1FD00738CD9 /* Info.plist */ = {isa = PBXFileReference; lastKnownFileType = text.plist.xml; path = Info.plist; sourceTree = "<group>"; };
		D2E55DB31BAFF1FD00738CD9 /* 计算器2UITests.xctest */ = {isa = PBXFileReference; explicitFileType = wrapper.cfbundle; includeInIndex = 0; path = "计算器2UITests.xctest"; sourceTree = BUILT_PRODUCTS_DIR; };
		D2E55DB71BAFF1FD00738CD9 /* ___2UITests.m */ = {isa = PBXFileReference; lastKnownFileType = sourcecode.c.objc; path = "___2UITests.m"; sourceTree = "<group>"; };
		D2E55DB91BAFF1FD00738CD9 /* Info.plist */ = {isa = PBXFileReference; lastKnownFileType = text.plist.xml; path = Info.plist; sourceTree = "<group>"; };
/* End PBXFileReference section */

/* Begin PBXFrameworksBuildPhase section */
		D2E55D8C1BAFF1FC00738CD9 /* Frameworks */ = {
			isa = PBXFrameworksBuildPhase;
			buildActionMask = 2147483647;
			files = (
			);
			runOnlyForDeploymentPostprocessing = 0;
		};
		D2E55DA51BAFF1FD00738CD9 /* Frameworks */ = {
			isa = PBXFrameworksBuildPhase;
			buildActionMask = 2147483647;
			files = (
			);
			runOnlyForDeploymentPostprocessing = 0;
		};
		D2E55DB01BAFF1FD00738CD9 /* Frameworks */ = {
			isa = PBXFrameworksBuildPhase;
			buildActionMask = 2147483647;
			files = (
			);
			runOnlyForDeploymentPostprocessing = 0;
		};
/* End PBXFrameworksBuildPhase section */

/* Begin PBXGroup section */
		D2E55D861BAFF1FC00738CD9 = {
			isa = PBXGroup;
			children = (
				D2E55D911BAFF1FD00738CD9 /* 计算器2 */,
				D2E55DAB1BAFF1FD00738CD9 /* 计算器2Tests */,
				D2E55DB61BAFF1FD00738CD9 /* 计算器2UITests */,
				D2E55D901BAFF1FD00738CD9 /* Products */,
			);
			sourceTree = "<group>";
		};
		D2E55D901BAFF1FD00738CD9 /* Products */ = {
			isa = PBXGroup;
			children = (
				D2E55D8F1BAFF1FD00738CD9 /* 计算器2.app */,
				D2E55DA81BAFF1FD00738CD9 /* 计算器2Tests.xctest */,
				D2E55DB31BAFF1FD00738CD9 /* 计算器2UITests.xctest */,
			);
			name = Products;
			sourceTree = "<group>";
		};
		D2E55D911BAFF1FD00738CD9 /* 计算器2 */ = {
			isa = PBXGroup;
			children = (
				D2E55D951BAFF1FD00738CD9 /* AppDelegate.h */,
				D2E55D961BAFF1FD00738CD9 /* AppDelegate.m */,
				D2E55D981BAFF1FD00738CD9 /* ViewController.h */,
				D2E55D991BAFF1FD00738CD9 /* ViewController.m */,
				D2E55D9B1BAFF1FD00738CD9 /* Main.storyboard */,
				D2E55D9E1BAFF1FD00738CD9 /* Assets.xcassets */,
				D2E55DA01BAFF1FD00738CD9 /* LaunchScreen.storyboard */,
				D2E55DA31BAFF1FD00738CD9 /* Info.plist */,
				D2E55D921BAFF1FD00738CD9 /* Supporting Files */,
			);
			path = "计算器2";
			sourceTree = "<group>";
		};
		D2E55D921BAFF1FD00738CD9 /* Supporting Files */ = {
			isa = PBXGroup;
			children = (
				D2E55D931BAFF1FD00738CD9 /* main.m */,
			);
			name = "Supporting Files";
			sourceTree = "<group>";
		};
		D2E55DAB1BAFF1FD00738CD9 /* 计算器2Tests */ = {
			isa = PBXGroup;
			children = (
				D2E55DAC1BAFF1FD00738CD9 /* ___2Tests.m */,
				D2E55DAE1BAFF1FD00738CD9 /* Info.plist */,
			);
			path = "计算器2Tests";
			sourceTree = "<group>";
		};
		D2E55DB61BAFF1FD00738CD9 /* 计算器2UITests */ = {
			isa = PBXGroup;
			children = (
				D2E55DB71BAFF1FD00738CD9 /* ___2UITests.m */,
				D2E55DB91BAFF1FD00738CD9 /* Info.plist */,
			);
			path = "计算器2UITests";
			sourceTree = "<group>";
		};
/* End PBXGroup section */

/* Begin PBXNativeTarget section */
		D2E55D8E1BAFF1FC00738CD9 /* 计算器2 */ = {
			isa = PBXNativeTarget;
			buildConfigurationList = D2E55DBC1BAFF1FD00738CD9 /* Build configuration list for PBXNativeTarget "计算器2" */;
			buildPhases = (
				D2E55D8B1BAFF1FC00738CD9 /* Sources */,
				D2E55D8C1BAFF1FC00738CD9 /* Frameworks */,
				D2E55D8D1BAFF1FC00738CD9 /* Resources */,
			);
			buildRules = (
			);
			dependencies = (
			);
			name = "计算器2";
			productName = "计算器2";
			productReference = D2E55D8F1BAFF1FD00738CD9 /* 计算器2.app */;
			productType = "com.apple.product-type.application";
		};
		D2E55DA71BAFF1FD00738CD9 /* 计算器2Tests */ = {
			isa = PBXNativeTarget;
			buildConfigurationList = D2E55DBF1BAFF1FD00738CD9 /* Build configuration list for PBXNativeTarget "计算器2Tests" */;
			buildPhases = (
				D2E55DA41BAFF1FD00738CD9 /* Sources */,
				D2E55DA51BAFF1FD00738CD9 /* Frameworks */,
				D2E55DA61BAFF1FD00738CD9 /* Resources */,
			);
			buildRules = (
			);
			dependencies = (
				D2E55DAA1BAFF1FD00738CD9 /* PBXTargetDependency */,
			);
			name = "计算器2Tests";
			productName = "计算器2Tests";
			productReference = D2E55DA81BAFF1FD00738CD9 /* 计算器2Tests.xctest */;
			productType = "com.apple.product-type.bundle.unit-test";
		};
		D2E55DB21BAFF1FD00738CD9 /* 计算器2UITests */ = {
			isa = PBXNativeTarget;
			buildConfigurationList = D2E55DC21BAFF1FD00738CD9 /* Build configuration list for PBXNativeTarget "计算器2UITests" */;
			buildPhases = (
				D2E55DAF1BAFF1FD00738CD9 /* Sources */,
				D2E55DB01BAFF1FD00738CD9 /* Frameworks */,
				D2E55DB11BAFF1FD00738CD9 /* Resources */,
			);
			buildRules = (
			);
			dependencies = (
				D2E55DB51BAFF1FD00738CD9 /* PBXTargetDependency */,
			);
			name = "计算器2UITests";
			productName = "计算器2UITests";
			productReference = D2E55DB31BAFF1FD00738CD9 /* 计算器2UITests.xctest */;
			productType = "com.apple.product-type.bundle.ui-testing";
		};
/* End PBXNativeTarget section */

/* Begin PBXProject section */
		D2E55D871BAFF1FC00738CD9 /* Project object */ = {
			isa = PBXProject;
			attributes = {
				LastUpgradeCheck = 0700;
				ORGANIZATIONNAME = Scott;
				TargetAttributes = {
					D2E55D8E1BAFF1FC00738CD9 = {
						CreatedOnToolsVersion = 7.0;
						DevelopmentTeam = 44BDAUCVLM;
					};
					D2E55DA71BAFF1FD00738CD9 = {
						CreatedOnToolsVersion = 7.0;
						DevelopmentTeam = 44BDAUCVLM;
						TestTargetID = D2E55D8E1BAFF1FC00738CD9;
					};
					D2E55DB21BAFF1FD00738CD9 = {
						CreatedOnToolsVersion = 7.0;
						DevelopmentTeam = 44BDAUCVLM;
						TestTargetID = D2E55D8E1BAFF1FC00738CD9;
					};
				};
			};
			buildConfigurationList = D2E55D8A1BAFF1FC00738CD9 /* Build configuration list for PBXProject "计算器2" */;
			compatibilityVersion = "Xcode 3.2";
			developmentRegion = English;
			hasScannedForEncodings = 0;
			knownRegions = (
				en,
				Base,
			);
			mainGroup = D2E55D861BAFF1FC00738CD9;
			productRefGroup = D2E55D901BAFF1FD00738CD9 /* Products */;
			projectDirPath = "";
			projectRoot = "";
			targets = (
				D2E55D8E1BAFF1FC00738CD9 /* 计算器2 */,
				D2E55DA71BAFF1FD00738CD9 /* 计算器2Tests */,
				D2E55DB21BAFF1FD00738CD9 /* 计算器2UITests */,
			);
		};
/* End PBXProject section */

/* Begin PBXResourcesBuildPhase section */
		D2E55D8D1BAFF1FC00738CD9 /* Resources */ = {
			isa = PBXResourcesBuildPhase;
			buildActionMask = 2147483647;
			files = (
				D2E55DA21BAFF1FD00738CD9 /* LaunchScreen.storyboard in Resources */,
				D2E55D9F1BAFF1FD00738CD9 /* Assets.xcassets in Resources */,
				D2E55D9D1BAFF1FD00738CD9 /* Main.storyboard in Resources */,
			);
			runOnlyForDeploymentPostprocessing = 0;
		};
		D2E55DA61BAFF1FD00738CD9 /* Resources */ = {
			isa = PBXResourcesBuildPhase;
			buildActionMask = 2147483647;
			files = (
			);
			runOnlyForDeploymentPostprocessing = 0;
		};
		D2E55DB11BAFF1FD00738CD9 /* Resources */ = {
			isa = PBXResourcesBuildPhase;
			buildActionMask = 2147483647;
			files = (
			);
			runOnlyForDeploymentPostprocessing = 0;
		};
/* End PBXResourcesBuildPhase section */

/* Begin PBXSourcesBuildPhase section */
		D2E55D8B1BAFF1FC00738CD9 /* Sources */ = {
			isa = PBXSourcesBuildPhase;
			buildActionMask = 2147483647;
			files = (
				D2E55D9A1BAFF1FD00738CD9 /* ViewController.m in Sources */,
				D2E55D971BAFF1FD00738CD9 /* AppDelegate.m in Sources */,
				D2E55D941BAFF1FD00738CD9 /* main.m in Sources */,
			);
			runOnlyForDeploymentPostprocessing = 0;
		};
		D2E55DA41BAFF1FD00738CD9 /* Sources */ = {
			isa = PBXSourcesBuildPhase;
			buildActionMask = 2147483647;
			files = (
				D2E55DAD1BAFF1FD00738CD9 /* ___2Tests.m in Sources */,
			);
			runOnlyForDeploymentPostprocessing = 0;
		};
		D2E55DAF1BAFF1FD00738CD9 /* Sources */ = {
			isa = PBXSourcesBuildPhase;
			buildActionMask = 2147483647;
			files = (
				D2E55DB81BAFF1FD00738CD9 /* ___2UITests.m in Sources */,
			);
			runOnlyForDeploymentPostprocessing = 0;
		};
/* End PBXSourcesBuildPhase section */

/* Begin PBXTargetDependency section */
		D2E55DAA1BAFF1FD00738CD9 /* PBXTargetDependency */ = {
			isa = PBXTargetDependency;
			target = D2E55D8E1BAFF1FC00738CD9 /* 计算器2 */;
			targetProxy = D2E55DA91BAFF1FD00738CD9 /* PBXContainerItemProxy */;
		};
		D2E55DB51BAFF1FD00738CD9 /* PBXTargetDependency */ = {
			isa = PBXTargetDependency;
			target = D2E55D8E1BAFF1FC00738CD9 /* 计算器2 */;
			targetProxy = D2E55DB41BAFF1FD00738CD9 /* PBXContainerItemProxy */;
		};
/* End PBXTargetDependency section */

/* Begin PBXVariantGroup section */
		D2E55D9B1BAFF1FD00738CD9 /* Main.storyboard */ = {
			isa = PBXVariantGroup;
			children = (
				D2E55D9C1BAFF1FD00738CD9 /* Base */,
			);
			name = Main.storyboard;
			sourceTree = "<group>";
		};
		D2E55DA01BAFF1FD00738CD9 /* LaunchScreen.storyboard */ = {
			isa = PBXVariantGroup;
			children = (
				D2E55DA11BAFF1FD00738CD9 /* Base */,
			);
			name = LaunchScreen.storyboard;
			sourceTree = "<group>";
		};
/* End PBXVariantGroup section */

/* Begin XCBuildConfiguration section */
		D2E55DBA1BAFF1FD00738CD9 /* Debug */ = {
			isa = XCBuildConfiguration;
			buildSettings = {
				ALWAYS_SEARCH_USER_PATHS = NO;
				CLANG_CXX_LANGUAGE_STANDARD = "gnu++0x";
				CLANG_CXX_LIBRARY = "libc++";
				CLANG_ENABLE_MODULES = YES;
				CLANG_ENABLE_OBJC_ARC = YES;
				CLANG_WARN_BOOL_CONVERSION = YES;
				CLANG_WARN_CONSTANT_CONVERSION = YES;
				CLANG_WARN_DIRECT_OBJC_ISA_USAGE = YES_ERROR;
				CLANG_WARN_EMPTY_BODY = YES;
				CLANG_WARN_ENUM_CONVERSION = YES;
				CLANG_WARN_INT_CONVERSION = YES;
				CLANG_WARN_OBJC_ROOT_CLASS = YES_ERROR;
				CLANG_WARN_UNREACHABLE_CODE = YES;
				CLANG_WARN__DUPLICATE_METHOD_MATCH = YES;
				"CODE_SIGN_IDENTITY[sdk=iphoneos*]" = "iPhone Developer";
				COPY_PHASE_STRIP = NO;
				DEBUG_INFORMATION_FORMAT = dwarf;
				ENABLE_STRICT_OBJC_MSGSEND = YES;
				ENABLE_TESTABILITY = YES;
				GCC_C_LANGUAGE_STANDARD = gnu99;
				GCC_DYNAMIC_NO_PIC = NO;
				GCC_NO_COMMON_BLOCKS = YES;
				GCC_OPTIMIZATION_LEVEL = 0;
				GCC_PREPROCESSOR_DEFINITIONS = (
					"DEBUG=1",
					"$(inherited)",
				);
				GCC_WARN_64_TO_32_BIT_CONVERSION = YES;
				GCC_WARN_ABOUT_RETURN_TYPE = YES_ERROR;
				GCC_WARN_UNDECLARED_SELECTOR = YES;
				GCC_WARN_UNINITIALIZED_AUTOS = YES_AGGRESSIVE;
				GCC_WARN_UNUSED_FUNCTION = YES;
				GCC_WARN_UNUSED_VARIABLE = YES;
				IPHONEOS_DEPLOYMENT_TARGET = 9.0;
				MTL_ENABLE_DEBUG_INFO = YES;
				ONLY_ACTIVE_ARCH = YES;
				SDKROOT = iphoneos;
			};
			name = Debug;
		};
		D2E55DBB1BAFF1FD00738CD9 /* Release */ = {
			isa = XCBuildConfiguration;
			buildSettings = {
				ALWAYS_SEARCH_USER_PATHS = NO;
				CLANG_CXX_LANGUAGE_STANDARD = "gnu++0x";
				CLANG_CXX_LIBRARY = "libc++";
				CLANG_ENABLE_MODULES = YES;
				CLANG_ENABLE_OBJC_ARC = YES;
				CLANG_WARN_BOOL_CONVERSION = YES;
				CLANG_WARN_CONSTANT_CONVERSION = YES;
				CLANG_WARN_DIRECT_OBJC_ISA_USAGE = YES_ERROR;
				CLANG_WARN_EMPTY_BODY = YES;
				CLANG_WARN_ENUM_CONVERSION = YES;
				CLANG_WARN_INT_CONVERSION = YES;
				CLANG_WARN_OBJC_ROOT_CLASS = YES_ERROR;
				CLANG_WARN_UNREACHABLE_CODE = YES;
				CLANG_WARN__DUPLICATE_METHOD_MATCH = YES;
				"CODE_SIGN_IDENTITY[sdk=iphoneos*]" = "iPhone Developer";
				COPY_PHASE_STRIP = NO;
				DEBUG_INFORMATION_FORMAT = "dwarf-with-dsym";
				ENABLE_NS_ASSERTIONS = NO;
				ENABLE_STRICT_OBJC_MSGSEND = YES;
				GCC_C_LANGUAGE_STANDARD = gnu99;
				GCC_NO_COMMON_BLOCKS = YES;
				GCC_WARN_64_TO_32_BIT_CONVERSION = YES;
				GCC_WARN_ABOUT_RETURN_TYPE = YES_ERROR;
				GCC_WARN_UNDECLARED_SELECTOR = YES;
				GCC_WARN_UNINITIALIZED_AUTOS = YES_AGGRESSIVE;
				GCC_WARN_UNUSED_FUNCTION = YES;
				GCC_WARN_UNUSED_VARIABLE = YES;
				IPHONEOS_DEPLOYMENT_TARGET = 9.0;
				MTL_ENABLE_DEBUG_INFO = NO;
				SDKROOT = iphoneos;
				VALIDATE_PRODUCT = YES;
			};
			name = Release;
		};
		D2E55DBD1BAFF1FD00738CD9 /* Debug */ = {
			isa = XCBuildConfiguration;
			buildSettings = {
				ASSETCATALOG_COMPILER_APPICON_NAME = AppIcon;
				INFOPLIST_FILE = "计算器2/Info.plist";
				LD_RUNPATH_SEARCH_PATHS = "$(inherited) @executable_path/Frameworks";
				PRODUCT_BUNDLE_IDENTIFIER = "com.lanou3g.www.---2";
				PRODUCT_NAME = "$(TARGET_NAME)";
			};
			name = Debug;
		};
		D2E55DBE1BAFF1FD00738CD9 /* Release */ = {
			isa = XCBuildConfiguration;
			buildSettings = {
				ASSETCATALOG_COMPILER_APPICON_NAME = AppIcon;
				INFOPLIST_FILE = "计算器2/Info.plist";
				LD_RUNPATH_SEARCH_PATHS = "$(inherited) @executable_path/Frameworks";
				PRODUCT_BUNDLE_IDENTIFIER = "com.lanou3g.www.---2";
				PRODUCT_NAME = "$(TARGET_NAME)";
			};
			name = Release;
		};
		D2E55DC01BAFF1FD00738CD9 /* Debug */ = {
			isa = XCBuildConfiguration;
			buildSettings = {
				BUNDLE_LOADER = "$(TEST_HOST)";
				INFOPLIST_FILE = "计算器2Tests/Info.plist";
				LD_RUNPATH_SEARCH_PATHS = "$(inherited) @executable_path/Frameworks @loader_path/Frameworks";
				PRODUCT_BUNDLE_IDENTIFIER = "com.lanou3g.www.---2Tests";
				PRODUCT_NAME = "$(TARGET_NAME)";
				TEST_HOST = "$(BUILT_PRODUCTS_DIR)/计算器2.app/计算器2";
			};
			name = Debug;
		};
		D2E55DC11BAFF1FD00738CD9 /* Release */ = {
			isa = XCBuildConfiguration;
			buildSettings = {
				BUNDLE_LOADER = "$(TEST_HOST)";
				INFOPLIST_FILE = "计算器2Tests/Info.plist";
				LD_RUNPATH_SEARCH_PATHS = "$(inherited) @executable_path/Frameworks @loader_path/Frameworks";
				PRODUCT_BUNDLE_IDENTIFIER = "com.lanou3g.www.---2Tests";
				PRODUCT_NAME = "$(TARGET_NAME)";
				TEST_HOST = "$(BUILT_PRODUCTS_DIR)/计算器2.app/计算器2";
			};
			name = Release;
		};
		D2E55DC31BAFF1FD00738CD9 /* Debug */ = {
			isa = XCBuildConfiguration;
			buildSettings = {
				INFOPLIST_FILE = "计算器2UITests/Info.plist";
				LD_RUNPATH_SEARCH_PATHS = "$(inherited) @executable_path/Frameworks @loader_path/Frameworks";
				PRODUCT_BUNDLE_IDENTIFIER = "com.lanou3g.www.---2UITests";
				PRODUCT_NAME = "$(TARGET_NAME)";
				TEST_TARGET_NAME = "计算器2";
				USES_XCTRUNNER = YES;
			};
			name = Debug;
		};
		D2E55DC41BAFF1FD00738CD9 /* Release */ = {
			isa = XCBuildConfiguration;
			buildSettings = {
				INFOPLIST_FILE = "计算器2UITests/Info.plist";
				LD_RUNPATH_SEARCH_PATHS = "$(inherited) @executable_path/Frameworks @loader_path/Frameworks";
				PRODUCT_BUNDLE_IDENTIFIER = "com.lanou3g.www.---2UITests";
				PRODUCT_NAME = "$(TARGET_NAME)";
				TEST_TARGET_NAME = "计算器2";
				USES_XCTRUNNER = YES;
			};
			name = Release;
		};
/* End XCBuildConfiguration section */

/* Begin XCConfigurationList section */
		D2E55D8A1BAFF1FC00738CD9 /* Build configuration list for PBXProject "计算器2" */ = {
			isa = XCConfigurationList;
			buildConfigurations = (
				D2E55DBA1BAFF1FD00738CD9 /* Debug */,
				D2E55DBB1BAFF1FD00738CD9 /* Release */,
			);
			defaultConfigurationIsVisible = 0;
			defaultConfigurationName = Release;
		};
		D2E55DBC1BAFF1FD00738CD9 /* Build configuration list for PBXNativeTarget "计算器2" */ = {
			isa = XCConfigurationList;
			buildConfigurations = (
				D2E55DBD1BAFF1FD00738CD9 /* Debug */,
				D2E55DBE1BAFF1FD00738CD9 /* Release */,
			);
			defaultConfigurationIsVisible = 0;
		};
		D2E55DBF1BAFF1FD00738CD9 /* Build configuration list for PBXNativeTarget "计算器2Tests" */ = {
			isa = XCConfigurationList;
			buildConfigurations = (
				D2E55DC01BAFF1FD00738CD9 /* Debug */,
				D2E55DC11BAFF1FD00738CD9 /* Release */,
			);
			defaultConfigurationIsVisible = 0;
		};
		D2E55DC21BAFF1FD00738CD9 /* Build configuration list for PBXNativeTarget "计算器2UITests" */ = {
			isa = XCConfigurationList;
			buildConfigurations = (
				D2E55DC31BAFF1FD00738CD9 /* Debug */,
				D2E55DC41BAFF1FD00738CD9 /* Release */,
			);
			defaultConfigurationIsVisible = 0;
		};
/* End XCConfigurationList section */
	};
	rootObject = D2E55D871BAFF1FC00738CD9 /* Project object */;
}
