// !$*UTF8*$!
{
	archiveVersion = 1;
	classes = {
	};
	objectVersion = 46;
	objects = {

/* Begin PBXBuildFile section */
		49143E931C279F0E0016215E /* main.m in Sources */ = {isa = PBXBuildFile; fileRef = 49143E921C279F0E0016215E /* main.m */; };
		49143E961C279F0E0016215E /* AppDelegate.m in Sources */ = {isa = PBXBuildFile; fileRef = 49143E951C279F0E0016215E /* AppDelegate.m */; };
		49143E991C279F0E0016215E /* ViewController.m in Sources */ = {isa = PBXBuildFile; fileRef = 49143E981C279F0E0016215E /* ViewController.m */; };
		49143E9C1C279F0E0016215E /* Main.storyboard in Resources */ = {isa = PBXBuildFile; fileRef = 49143E9A1C279F0E0016215E /* Main.storyboard */; };
		49143E9E1C279F0E0016215E /* Assets.xcassets in Resources */ = {isa = PBXBuildFile; fileRef = 49143E9D1C279F0E0016215E /* Assets.xcassets */; };
		49143EA11C279F0E0016215E /* LaunchScreen.storyboard in Resources */ = {isa = PBXBuildFile; fileRef = 49143E9F1C279F0E0016215E /* LaunchScreen.storyboard */; };
		49143EAC1C279F0E0016215E /* UI_UIControl_UISwitch_UISlider_UISegmentControlTests.m in Sources */ = {isa = PBXBuildFile; fileRef = 49143EAB1C279F0E0016215E /* UI_UIControl_UISwitch_UISlider_UISegmentControlTests.m */; };
		49143EB71C279F0E0016215E /* UI_UIControl_UISwitch_UISlider_UISegmentControlUITests.m in Sources */ = {isa = PBXBuildFile; fileRef = 49143EB61C279F0E0016215E /* UI_UIControl_UISwitch_UISlider_UISegmentControlUITests.m */; };
		49143F291C27A1C40016215E /* BackGround.png in Resources */ = {isa = PBXBuildFile; fileRef = 49143EC51C27A1C40016215E /* BackGround.png */; };
		49143F2A1C27A1C40016215E /* BZombie1.tiff in Resources */ = {isa = PBXBuildFile; fileRef = 49143EC71C27A1C40016215E /* BZombie1.tiff */; };
		49143F2B1C27A1C40016215E /* BZombie10.tiff in Resources */ = {isa = PBXBuildFile; fileRef = 49143EC81C27A1C40016215E /* BZombie10.tiff */; };
		49143F2C1C27A1C40016215E /* BZombie11.tiff in Resources */ = {isa = PBXBuildFile; fileRef = 49143EC91C27A1C40016215E /* BZombie11.tiff */; };
		49143F2D1C27A1C40016215E /* BZombie12.tiff in Resources */ = {isa = PBXBuildFile; fileRef = 49143ECA1C27A1C40016215E /* BZombie12.tiff */; };
		49143F2E1C27A1C40016215E /* BZombie13.tiff in Resources */ = {isa = PBXBuildFile; fileRef = 49143ECB1C27A1C40016215E /* BZombie13.tiff */; };
		49143F2F1C27A1C40016215E /* BZombie14.tiff in Resources */ = {isa = PBXBuildFile; fileRef = 49143ECC1C27A1C40016215E /* BZombie14.tiff */; };
		49143F301C27A1C40016215E /* BZombie15.tiff in Resources */ = {isa = PBXBuildFile; fileRef = 49143ECD1C27A1C40016215E /* BZombie15.tiff */; };
		49143F311C27A1C40016215E /* BZombie16.tiff in Resources */ = {isa = PBXBuildFile; fileRef = 49143ECE1C27A1C40016215E /* BZombie16.tiff */; };
		49143F321C27A1C40016215E /* BZombie17.tiff in Resources */ = {isa = PBXBuildFile; fileRef = 49143ECF1C27A1C40016215E /* BZombie17.tiff */; };
		49143F331C27A1C40016215E /* BZombie18.tiff in Resources */ = {isa = PBXBuildFile; fileRef = 49143ED01C27A1C40016215E /* BZombie18.tiff */; };
		49143F341C27A1C40016215E /* BZombie19.tiff in Resources */ = {isa = PBXBuildFile; fileRef = 49143ED11C27A1C40016215E /* BZombie19.tiff */; };
		49143F351C27A1C40016215E /* BZombie2.tiff in Resources */ = {isa = PBXBuildFile; fileRef = 49143ED21C27A1C40016215E /* BZombie2.tiff */; };
		49143F361C27A1C40016215E /* BZombie20.tiff in Resources */ = {isa = PBXBuildFile; fileRef = 49143ED31C27A1C40016215E /* BZombie20.tiff */; };
		49143F371C27A1C40016215E /* BZombie21.tiff in Resources */ = {isa = PBXBuildFile; fileRef = 49143ED41C27A1C40016215E /* BZombie21.tiff */; };
		49143F381C27A1C40016215E /* BZombie22.tiff in Resources */ = {isa = PBXBuildFile; fileRef = 49143ED51C27A1C40016215E /* BZombie22.tiff */; };
		49143F391C27A1C40016215E /* BZombie23.tiff in Resources */ = {isa = PBXBuildFile; fileRef = 49143ED61C27A1C40016215E /* BZombie23.tiff */; };
		49143F3A1C27A1C40016215E /* BZombie24.tiff in Resources */ = {isa = PBXBuildFile; fileRef = 49143ED71C27A1C40016215E /* BZombie24.tiff */; };
		49143F3B1C27A1C40016215E /* BZombie25.tiff in Resources */ = {isa = PBXBuildFile; fileRef = 49143ED81C27A1C40016215E /* BZombie25.tiff */; };
		49143F3C1C27A1C40016215E /* BZombie3.tiff in Resources */ = {isa = PBXBuildFile; fileRef = 49143ED91C27A1C40016215E /* BZombie3.tiff */; };
		49143F3D1C27A1C40016215E /* BZombie4.tiff in Resources */ = {isa = PBXBuildFile; fileRef = 49143EDA1C27A1C40016215E /* BZombie4.tiff */; };
		49143F3E1C27A1C40016215E /* BZombie5.tiff in Resources */ = {isa = PBXBuildFile; fileRef = 49143EDB1C27A1C40016215E /* BZombie5.tiff */; };
		49143F3F1C27A1C40016215E /* BZombie6.tiff in Resources */ = {isa = PBXBuildFile; fileRef = 49143EDC1C27A1C40016215E /* BZombie6.tiff */; };
		49143F401C27A1C40016215E /* BZombie7.tiff in Resources */ = {isa = PBXBuildFile; fileRef = 49143EDD1C27A1C40016215E /* BZombie7.tiff */; };
		49143F411C27A1C40016215E /* BZombie8.tiff in Resources */ = {isa = PBXBuildFile; fileRef = 49143EDE1C27A1C40016215E /* BZombie8.tiff */; };
		49143F421C27A1C40016215E /* BZombie9.tiff in Resources */ = {isa = PBXBuildFile; fileRef = 49143EDF1C27A1C40016215E /* BZombie9.tiff */; };
		49143F431C27A1C40016215E /* flower1.tiff in Resources */ = {isa = PBXBuildFile; fileRef = 49143EE11C27A1C40016215E /* flower1.tiff */; };
		49143F441C27A1C40016215E /* flower10.tiff in Resources */ = {isa = PBXBuildFile; fileRef = 49143EE21C27A1C40016215E /* flower10.tiff */; };
		49143F451C27A1C40016215E /* flower11.tiff in Resources */ = {isa = PBXBuildFile; fileRef = 49143EE31C27A1C40016215E /* flower11.tiff */; };
		49143F461C27A1C40016215E /* flower12.tiff in Resources */ = {isa = PBXBuildFile; fileRef = 49143EE41C27A1C40016215E /* flower12.tiff */; };
		49143F471C27A1C40016215E /* flower13.tiff in Resources */ = {isa = PBXBuildFile; fileRef = 49143EE51C27A1C40016215E /* flower13.tiff */; };
		49143F481C27A1C40016215E /* flower14.tiff in Resources */ = {isa = PBXBuildFile; fileRef = 49143EE61C27A1C40016215E /* flower14.tiff */; };
		49143F491C27A1C40016215E /* flower15.tiff in Resources */ = {isa = PBXBuildFile; fileRef = 49143EE71C27A1C40016215E /* flower15.tiff */; };
		49143F4A1C27A1C40016215E /* flower16.tiff in Resources */ = {isa = PBXBuildFile; fileRef = 49143EE81C27A1C40016215E /* flower16.tiff */; };
		49143F4B1C27A1C40016215E /* flower17.tiff in Resources */ = {isa = PBXBuildFile; fileRef = 49143EE91C27A1C40016215E /* flower17.tiff */; };
		49143F4C1C27A1C40016215E /* flower18.tiff in Resources */ = {isa = PBXBuildFile; fileRef = 49143EEA1C27A1C40016215E /* flower18.tiff */; };
		49143F4D1C27A1C40016215E /* flower2.tiff in Resources */ = {isa = PBXBuildFile; fileRef = 49143EEB1C27A1C40016215E /* flower2.tiff */; };
		49143F4E1C27A1C40016215E /* flower3.tiff in Resources */ = {isa = PBXBuildFile; fileRef = 49143EEC1C27A1C40016215E /* flower3.tiff */; };
		49143F4F1C27A1C40016215E /* flower4.tiff in Resources */ = {isa = PBXBuildFile; fileRef = 49143EED1C27A1C40016215E /* flower4.tiff */; };
		49143F501C27A1C40016215E /* flower5.tiff in Resources */ = {isa = PBXBuildFile; fileRef = 49143EEE1C27A1C40016215E /* flower5.tiff */; };
		49143F511C27A1C40016215E /* flower6.tiff in Resources */ = {isa = PBXBuildFile; fileRef = 49143EEF1C27A1C40016215E /* flower6.tiff */; };
		49143F521C27A1C40016215E /* flower7.tiff in Resources */ = {isa = PBXBuildFile; fileRef = 49143EF01C27A1C40016215E /* flower7.tiff */; };
		49143F531C27A1C40016215E /* flower8.tiff in Resources */ = {isa = PBXBuildFile; fileRef = 49143EF11C27A1C40016215E /* flower8.tiff */; };
		49143F541C27A1C40016215E /* flower9.tiff in Resources */ = {isa = PBXBuildFile; fileRef = 49143EF21C27A1C40016215E /* flower9.tiff */; };
		49143F551C27A1C40016215E /* gua1.tiff in Resources */ = {isa = PBXBuildFile; fileRef = 49143EF41C27A1C40016215E /* gua1.tiff */; };
		49143F561C27A1C40016215E /* gua10.tiff in Resources */ = {isa = PBXBuildFile; fileRef = 49143EF51C27A1C40016215E /* gua10.tiff */; };
		49143F571C27A1C40016215E /* gua11.tiff in Resources */ = {isa = PBXBuildFile; fileRef = 49143EF61C27A1C40016215E /* gua11.tiff */; };
		49143F581C27A1C40016215E /* gua12.tiff in Resources */ = {isa = PBXBuildFile; fileRef = 49143EF71C27A1C40016215E /* gua12.tiff */; };
		49143F591C27A1C40016215E /* gua13.tiff in Resources */ = {isa = PBXBuildFile; fileRef = 49143EF81C27A1C40016215E /* gua13.tiff */; };
		49143F5A1C27A1C40016215E /* gua14.tiff in Resources */ = {isa = PBXBuildFile; fileRef = 49143EF91C27A1C40016215E /* gua14.tiff */; };
		49143F5B1C27A1C40016215E /* gua15.tiff in Resources */ = {isa = PBXBuildFile; fileRef = 49143EFA1C27A1C40016215E /* gua15.tiff */; };
		49143F5C1C27A1C40016215E /* gua16.tiff in Resources */ = {isa = PBXBuildFile; fileRef = 49143EFB1C27A1C40016215E /* gua16.tiff */; };
		49143F5D1C27A1C40016215E /* gua2.tiff in Resources */ = {isa = PBXBuildFile; fileRef = 49143EFC1C27A1C40016215E /* gua2.tiff */; };
		49143F5E1C27A1C40016215E /* gua3.tiff in Resources */ = {isa = PBXBuildFile; fileRef = 49143EFD1C27A1C40016215E /* gua3.tiff */; };
		49143F5F1C27A1C40016215E /* gua4.tiff in Resources */ = {isa = PBXBuildFile; fileRef = 49143EFE1C27A1C40016215E /* gua4.tiff */; };
		49143F601C27A1C40016215E /* gua5.tiff in Resources */ = {isa = PBXBuildFile; fileRef = 49143EFF1C27A1C40016215E /* gua5.tiff */; };
		49143F611C27A1C40016215E /* gua6.tiff in Resources */ = {isa = PBXBuildFile; fileRef = 49143F001C27A1C40016215E /* gua6.tiff */; };
		49143F621C27A1C40016215E /* gua7.tiff in Resources */ = {isa = PBXBuildFile; fileRef = 49143F011C27A1C40016215E /* gua7.tiff */; };
		49143F631C27A1C40016215E /* gua8.tiff in Resources */ = {isa = PBXBuildFile; fileRef = 49143F021C27A1C40016215E /* gua8.tiff */; };
		49143F641C27A1C40016215E /* gua9.tiff in Resources */ = {isa = PBXBuildFile; fileRef = 49143F031C27A1C40016215E /* gua9.tiff */; };
		49143F651C27A1C40016215E /* Default@2x.png in Resources */ = {isa = PBXBuildFile; fileRef = 49143F051C27A1C40016215E /* Default@2x.png */; };
		49143F661C27A1C40016215E /* Icon.png in Resources */ = {isa = PBXBuildFile; fileRef = 49143F061C27A1C40016215E /* Icon.png */; };
		49143F671C27A1C40016215E /* Icon@2x.png in Resources */ = {isa = PBXBuildFile; fileRef = 49143F071C27A1C40016215E /* Icon@2x.png */; };
		49143F681C27A1C40016215E /* plants1.tiff in Resources */ = {isa = PBXBuildFile; fileRef = 49143F091C27A1C40016215E /* plants1.tiff */; };
		49143F691C27A1C40016215E /* plants2.tiff in Resources */ = {isa = PBXBuildFile; fileRef = 49143F0A1C27A1C40016215E /* plants2.tiff */; };
		49143F6A1C27A1C40016215E /* plants3.tiff in Resources */ = {isa = PBXBuildFile; fileRef = 49143F0B1C27A1C40016215E /* plants3.tiff */; };
		49143F6B1C27A1C40016215E /* plants4.tiff in Resources */ = {isa = PBXBuildFile; fileRef = 49143F0C1C27A1C40016215E /* plants4.tiff */; };
		49143F6C1C27A1C40016215E /* plants5.tiff in Resources */ = {isa = PBXBuildFile; fileRef = 49143F0D1C27A1C40016215E /* plants5.tiff */; };
		49143F6D1C27A1C40016215E /* plants6.tiff in Resources */ = {isa = PBXBuildFile; fileRef = 49143F0E1C27A1C40016215E /* plants6.tiff */; };
		49143F6E1C27A1C40016215E /* plants7.tiff in Resources */ = {isa = PBXBuildFile; fileRef = 49143F0F1C27A1C40016215E /* plants7.tiff */; };
		49143F6F1C27A1C40016215E /* plants8.tiff in Resources */ = {isa = PBXBuildFile; fileRef = 49143F101C27A1C40016215E /* plants8.tiff */; };
		49143F701C27A1C40016215E /* plants9.tiff in Resources */ = {isa = PBXBuildFile; fileRef = 49143F111C27A1C40016215E /* plants9.tiff */; };
		49143F711C27A1C40016215E /* Zombie0.tiff in Resources */ = {isa = PBXBuildFile; fileRef = 49143F131C27A1C40016215E /* Zombie0.tiff */; };
		49143F721C27A1C40016215E /* Zombie1.tiff in Resources */ = {isa = PBXBuildFile; fileRef = 49143F141C27A1C40016215E /* Zombie1.tiff */; };
		49143F731C27A1C40016215E /* Zombie10.tiff in Resources */ = {isa = PBXBuildFile; fileRef = 49143F151C27A1C40016215E /* Zombie10.tiff */; };
		49143F741C27A1C40016215E /* Zombie11.tiff in Resources */ = {isa = PBXBuildFile; fileRef = 49143F161C27A1C40016215E /* Zombie11.tiff */; };
		49143F751C27A1C40016215E /* Zombie12.tiff in Resources */ = {isa = PBXBuildFile; fileRef = 49143F171C27A1C40016215E /* Zombie12.tiff */; };
		49143F761C27A1C40016215E /* Zombie13.tiff in Resources */ = {isa = PBXBuildFile; fileRef = 49143F181C27A1C40016215E /* Zombie13.tiff */; };
		49143F771C27A1C40016215E /* Zombie14.tiff in Resources */ = {isa = PBXBuildFile; fileRef = 49143F191C27A1C40016215E /* Zombie14.tiff */; };
		49143F781C27A1C40016215E /* Zombie15.tiff in Resources */ = {isa = PBXBuildFile; fileRef = 49143F1A1C27A1C40016215E /* Zombie15.tiff */; };
		49143F791C27A1C40016215E /* Zombie16.tiff in Resources */ = {isa = PBXBuildFile; fileRef = 49143F1B1C27A1C40016215E /* Zombie16.tiff */; };
		49143F7A1C27A1C40016215E /* Zombie17.tiff in Resources */ = {isa = PBXBuildFile; fileRef = 49143F1C1C27A1C40016215E /* Zombie17.tiff */; };
		49143F7B1C27A1C40016215E /* Zombie18.tiff in Resources */ = {isa = PBXBuildFile; fileRef = 49143F1D1C27A1C40016215E /* Zombie18.tiff */; };
		49143F7C1C27A1C40016215E /* Zombie19.tiff in Resources */ = {isa = PBXBuildFile; fileRef = 49143F1E1C27A1C40016215E /* Zombie19.tiff */; };
		49143F7D1C27A1C40016215E /* Zombie2.tiff in Resources */ = {isa = PBXBuildFile; fileRef = 49143F1F1C27A1C40016215E /* Zombie2.tiff */; };
		49143F7E1C27A1C40016215E /* Zombie20.tiff in Resources */ = {isa = PBXBuildFile; fileRef = 49143F201C27A1C40016215E /* Zombie20.tiff */; };
		49143F7F1C27A1C40016215E /* Zombie21.tiff in Resources */ = {isa = PBXBuildFile; fileRef = 49143F211C27A1C40016215E /* Zombie21.tiff */; };
		49143F801C27A1C40016215E /* Zombie3.tiff in Resources */ = {isa = PBXBuildFile; fileRef = 49143F221C27A1C40016215E /* Zombie3.tiff */; };
		49143F811C27A1C40016215E /* Zombie4.tiff in Resources */ = {isa = PBXBuildFile; fileRef = 49143F231C27A1C40016215E /* Zombie4.tiff */; };
		49143F821C27A1C40016215E /* Zombie5.tiff in Resources */ = {isa = PBXBuildFile; fileRef = 49143F241C27A1C40016215E /* Zombie5.tiff */; };
		49143F831C27A1C40016215E /* Zombie6.tiff in Resources */ = {isa = PBXBuildFile; fileRef = 49143F251C27A1C40016215E /* Zombie6.tiff */; };
		49143F841C27A1C40016215E /* Zombie7.tiff in Resources */ = {isa = PBXBuildFile; fileRef = 49143F261C27A1C40016215E /* Zombie7.tiff */; };
		49143F851C27A1C40016215E /* Zombie8.tiff in Resources */ = {isa = PBXBuildFile; fileRef = 49143F271C27A1C40016215E /* Zombie8.tiff */; };
		49143F861C27A1C40016215E /* Zombie9.tiff in Resources */ = {isa = PBXBuildFile; fileRef = 49143F281C27A1C40016215E /* Zombie9.tiff */; };
		49143F8D1C27AD820016215E /* 1.png in Resources */ = {isa = PBXBuildFile; fileRef = 49143F8B1C27AD820016215E /* 1.png */; };
		49143F8E1C27AD820016215E /* 5.png in Resources */ = {isa = PBXBuildFile; fileRef = 49143F8C1C27AD820016215E /* 5.png */; };
/* End PBXBuildFile section */

/* Begin PBXContainerItemProxy section */
		49143EA81C279F0E0016215E /* PBXContainerItemProxy */ = {
			isa = PBXContainerItemProxy;
			containerPortal = 49143E861C279F0E0016215E /* Project object */;
			proxyType = 1;
			remoteGlobalIDString = 49143E8D1C279F0E0016215E;
			remoteInfo = UI_UIControl_UISwitch_UISlider_UISegmentControl;
		};
		49143EB31C279F0E0016215E /* PBXContainerItemProxy */ = {
			isa = PBXContainerItemProxy;
			containerPortal = 49143E861C279F0E0016215E /* Project object */;
			proxyType = 1;
			remoteGlobalIDString = 49143E8D1C279F0E0016215E;
			remoteInfo = UI_UIControl_UISwitch_UISlider_UISegmentControl;
		};
/* End PBXContainerItemProxy section */

/* Begin PBXFileReference section */
		49143E8E1C279F0E0016215E /* UI_UIControl_UISwitch_UISlider_UISegmentControl.app */ = {isa = PBXFileReference; explicitFileType = wrapper.application; includeInIndex = 0; path = UI_UIControl_UISwitch_UISlider_UISegmentControl.app; sourceTree = BUILT_PRODUCTS_DIR; };
		49143E921C279F0E0016215E /* main.m */ = {isa = PBXFileReference; lastKnownFileType = sourcecode.c.objc; path = main.m; sourceTree = "<group>"; };
		49143E941C279F0E0016215E /* AppDelegate.h */ = {isa = PBXFileReference; lastKnownFileType = sourcecode.c.h; path = AppDelegate.h; sourceTree = "<group>"; };
		49143E951C279F0E0016215E /* AppDelegate.m */ = {isa = PBXFileReference; lastKnownFileType = sourcecode.c.objc; path = AppDelegate.m; sourceTree = "<group>"; };
		49143E971C279F0E0016215E /* ViewController.h */ = {isa = PBXFileReference; lastKnownFileType = sourcecode.c.h; path = ViewController.h; sourceTree = "<group>"; };
		49143E981C279F0E0016215E /* ViewController.m */ = {isa = PBXFileReference; lastKnownFileType = sourcecode.c.objc; path = ViewController.m; sourceTree = "<group>"; };
		49143E9B1C279F0E0016215E /* Base */ = {isa = PBXFileReference; lastKnownFileType = file.storyboard; name = Base; path = Base.lproj/Main.storyboard; sourceTree = "<group>"; };
		49143E9D1C279F0E0016215E /* Assets.xcassets */ = {isa = PBXFileReference; lastKnownFileType = folder.assetcatalog; path = Assets.xcassets; sourceTree = "<group>"; };
		49143EA01C279F0E0016215E /* Base */ = {isa = PBXFileReference; lastKnownFileType = file.storyboard; name = Base; path = Base.lproj/LaunchScreen.storyboard; sourceTree = "<group>"; };
		49143EA21C279F0E0016215E /* Info.plist */ = {isa = PBXFileReference; lastKnownFileType = text.plist.xml; path = Info.plist; sourceTree = "<group>"; };
		49143EA71C279F0E0016215E /* UI_UIControl_UISwitch_UISlider_UISegmentControlTests.xctest */ = {isa = PBXFileReference; explicitFileType = wrapper.cfbundle; includeInIndex = 0; path = UI_UIControl_UISwitch_UISlider_UISegmentControlTests.xctest; sourceTree = BUILT_PRODUCTS_DIR; };
		49143EAB1C279F0E0016215E /* UI_UIControl_UISwitch_UISlider_UISegmentControlTests.m */ = {isa = PBXFileReference; lastKnownFileType = sourcecode.c.objc; path = UI_UIControl_UISwitch_UISlider_UISegmentControlTests.m; sourceTree = "<group>"; };
		49143EAD1C279F0E0016215E /* Info.plist */ = {isa = PBXFileReference; lastKnownFileType = text.plist.xml; path = Info.plist; sourceTree = "<group>"; };
		49143EB21C279F0E0016215E /* UI_UIControl_UISwitch_UISlider_UISegmentControlUITests.xctest */ = {isa = PBXFileReference; explicitFileType = wrapper.cfbundle; includeInIndex = 0; path = UI_UIControl_UISwitch_UISlider_UISegmentControlUITests.xctest; sourceTree = BUILT_PRODUCTS_DIR; };
		49143EB61C279F0E0016215E /* UI_UIControl_UISwitch_UISlider_UISegmentControlUITests.m */ = {isa = PBXFileReference; lastKnownFileType = sourcecode.c.objc; path = UI_UIControl_UISwitch_UISlider_UISegmentControlUITests.m; sourceTree = "<group>"; };
		49143EB81C279F0E0016215E /* Info.plist */ = {isa = PBXFileReference; lastKnownFileType = text.plist.xml; path = Info.plist; sourceTree = "<group>"; };
		49143EC51C27A1C40016215E /* BackGround.png */ = {isa = PBXFileReference; lastKnownFileType = image.png; path = BackGround.png; sourceTree = "<group>"; };
		49143EC71C27A1C40016215E /* BZombie1.tiff */ = {isa = PBXFileReference; lastKnownFileType = image.tiff; path = BZombie1.tiff; sourceTree = "<group>"; };
		49143EC81C27A1C40016215E /* BZombie10.tiff */ = {isa = PBXFileReference; lastKnownFileType = image.tiff; path = BZombie10.tiff; sourceTree = "<group>"; };
		49143EC91C27A1C40016215E /* BZombie11.tiff */ = {isa = PBXFileReference; lastKnownFileType = image.tiff; path = BZombie11.tiff; sourceTree = "<group>"; };
		49143ECA1C27A1C40016215E /* BZombie12.tiff */ = {isa = PBXFileReference; lastKnownFileType = image.tiff; path = BZombie12.tiff; sourceTree = "<group>"; };
		49143ECB1C27A1C40016215E /* BZombie13.tiff */ = {isa = PBXFileReference; lastKnownFileType = image.tiff; path = BZombie13.tiff; sourceTree = "<group>"; };
		49143ECC1C27A1C40016215E /* BZombie14.tiff */ = {isa = PBXFileReference; lastKnownFileType = image.tiff; path = BZombie14.tiff; sourceTree = "<group>"; };
		49143ECD1C27A1C40016215E /* BZombie15.tiff */ = {isa = PBXFileReference; lastKnownFileType = image.tiff; path = BZombie15.tiff; sourceTree = "<group>"; };
		49143ECE1C27A1C40016215E /* BZombie16.tiff */ = {isa = PBXFileReference; lastKnownFileType = image.tiff; path = BZombie16.tiff; sourceTree = "<group>"; };
		49143ECF1C27A1C40016215E /* BZombie17.tiff */ = {isa = PBXFileReference; lastKnownFileType = image.tiff; path = BZombie17.tiff; sourceTree = "<group>"; };
		49143ED01C27A1C40016215E /* BZombie18.tiff */ = {isa = PBXFileReference; lastKnownFileType = image.tiff; path = BZombie18.tiff; sourceTree = "<group>"; };
		49143ED11C27A1C40016215E /* BZombie19.tiff */ = {isa = PBXFileReference; lastKnownFileType = image.tiff; path = BZombie19.tiff; sourceTree = "<group>"; };
		49143ED21C27A1C40016215E /* BZombie2.tiff */ = {isa = PBXFileReference; lastKnownFileType = image.tiff; path = BZombie2.tiff; sourceTree = "<group>"; };
		49143ED31C27A1C40016215E /* BZombie20.tiff */ = {isa = PBXFileReference; lastKnownFileType = image.tiff; path = BZombie20.tiff; sourceTree = "<group>"; };
		49143ED41C27A1C40016215E /* BZombie21.tiff */ = {isa = PBXFileReference; lastKnownFileType = image.tiff; path = BZombie21.tiff; sourceTree = "<group>"; };
		49143ED51C27A1C40016215E /* BZombie22.tiff */ = {isa = PBXFileReference; lastKnownFileType = image.tiff; path = BZombie22.tiff; sourceTree = "<group>"; };
		49143ED61C27A1C40016215E /* BZombie23.tiff */ = {isa = PBXFileReference; lastKnownFileType = image.tiff; path = BZombie23.tiff; sourceTree = "<group>"; };
		49143ED71C27A1C40016215E /* BZombie24.tiff */ = {isa = PBXFileReference; lastKnownFileType = image.tiff; path = BZombie24.tiff; sourceTree = "<group>"; };
		49143ED81C27A1C40016215E /* BZombie25.tiff */ = {isa = PBXFileReference; lastKnownFileType = image.tiff; path = BZombie25.tiff; sourceTree = "<group>"; };
		49143ED91C27A1C40016215E /* BZombie3.tiff */ = {isa = PBXFileReference; lastKnownFileType = image.tiff; path = BZombie3.tiff; sourceTree = "<group>"; };
		49143EDA1C27A1C40016215E /* BZombie4.tiff */ = {isa = PBXFileReference; lastKnownFileType = image.tiff; path = BZombie4.tiff; sourceTree = "<group>"; };
		49143EDB1C27A1C40016215E /* BZombie5.tiff */ = {isa = PBXFileReference; lastKnownFileType = image.tiff; path = BZombie5.tiff; sourceTree = "<group>"; };
		49143EDC1C27A1C40016215E /* BZombie6.tiff */ = {isa = PBXFileReference; lastKnownFileType = image.tiff; path = BZombie6.tiff; sourceTree = "<group>"; };
		49143EDD1C27A1C40016215E /* BZombie7.tiff */ = {isa = PBXFileReference; lastKnownFileType = image.tiff; path = BZombie7.tiff; sourceTree = "<group>"; };
		49143EDE1C27A1C40016215E /* BZombie8.tiff */ = {isa = PBXFileReference; lastKnownFileType = image.tiff; path = BZombie8.tiff; sourceTree = "<group>"; };
		49143EDF1C27A1C40016215E /* BZombie9.tiff */ = {isa = PBXFileReference; lastKnownFileType = image.tiff; path = BZombie9.tiff; sourceTree = "<group>"; };
		49143EE11C27A1C40016215E /* flower1.tiff */ = {isa = PBXFileReference; lastKnownFileType = image.tiff; path = flower1.tiff; sourceTree = "<group>"; };
		49143EE21C27A1C40016215E /* flower10.tiff */ = {isa = PBXFileReference; lastKnownFileType = image.tiff; path = flower10.tiff; sourceTree = "<group>"; };
		49143EE31C27A1C40016215E /* flower11.tiff */ = {isa = PBXFileReference; lastKnownFileType = image.tiff; path = flower11.tiff; sourceTree = "<group>"; };
		49143EE41C27A1C40016215E /* flower12.tiff */ = {isa = PBXFileReference; lastKnownFileType = image.tiff; path = flower12.tiff; sourceTree = "<group>"; };
		49143EE51C27A1C40016215E /* flower13.tiff */ = {isa = PBXFileReference; lastKnownFileType = image.tiff; path = flower13.tiff; sourceTree = "<group>"; };
		49143EE61C27A1C40016215E /* flower14.tiff */ = {isa = PBXFileReference; lastKnownFileType = image.tiff; path = flower14.tiff; sourceTree = "<group>"; };
		49143EE71C27A1C40016215E /* flower15.tiff */ = {isa = PBXFileReference; lastKnownFileType = image.tiff; path = flower15.tiff; sourceTree = "<group>"; };
		49143EE81C27A1C40016215E /* flower16.tiff */ = {isa = PBXFileReference; lastKnownFileType = image.tiff; path = flower16.tiff; sourceTree = "<group>"; };
		49143EE91C27A1C40016215E /* flower17.tiff */ = {isa = PBXFileReference; lastKnownFileType = image.tiff; path = flower17.tiff; sourceTree = "<group>"; };
		49143EEA1C27A1C40016215E /* flower18.tiff */ = {isa = PBXFileReference; lastKnownFileType = image.tiff; path = flower18.tiff; sourceTree = "<group>"; };
		49143EEB1C27A1C40016215E /* flower2.tiff */ = {isa = PBXFileReference; lastKnownFileType = image.tiff; path = flower2.tiff; sourceTree = "<group>"; };
		49143EEC1C27A1C40016215E /* flower3.tiff */ = {isa = PBXFileReference; lastKnownFileType = image.tiff; path = flower3.tiff; sourceTree = "<group>"; };
		49143EED1C27A1C40016215E /* flower4.tiff */ = {isa = PBXFileReference; lastKnownFileType = image.tiff; path = flower4.tiff; sourceTree = "<group>"; };
		49143EEE1C27A1C40016215E /* flower5.tiff */ = {isa = PBXFileReference; lastKnownFileType = image.tiff; path = flower5.tiff; sourceTree = "<group>"; };
		49143EEF1C27A1C40016215E /* flower6.tiff */ = {isa = PBXFileReference; lastKnownFileType = image.tiff; path = flower6.tiff; sourceTree = "<group>"; };
		49143EF01C27A1C40016215E /* flower7.tiff */ = {isa = PBXFileReference; lastKnownFileType = image.tiff; path = flower7.tiff; sourceTree = "<group>"; };
		49143EF11C27A1C40016215E /* flower8.tiff */ = {isa = PBXFileReference; lastKnownFileType = image.tiff; path = flower8.tiff; sourceTree = "<group>"; };
		49143EF21C27A1C40016215E /* flower9.tiff */ = {isa = PBXFileReference; lastKnownFileType = image.tiff; path = flower9.tiff; sourceTree = "<group>"; };
		49143EF41C27A1C40016215E /* gua1.tiff */ = {isa = PBXFileReference; lastKnownFileType = image.tiff; path = gua1.tiff; sourceTree = "<group>"; };
		49143EF51C27A1C40016215E /* gua10.tiff */ = {isa = PBXFileReference; lastKnownFileType = image.tiff; path = gua10.tiff; sourceTree = "<group>"; };
		49143EF61C27A1C40016215E /* gua11.tiff */ = {isa = PBXFileReference; lastKnownFileType = image.tiff; path = gua11.tiff; sourceTree = "<group>"; };
		49143EF71C27A1C40016215E /* gua12.tiff */ = {isa = PBXFileReference; lastKnownFileType = image.tiff; path = gua12.tiff; sourceTree = "<group>"; };
		49143EF81C27A1C40016215E /* gua13.tiff */ = {isa = PBXFileReference; lastKnownFileType = image.tiff; path = gua13.tiff; sourceTree = "<group>"; };
		49143EF91C27A1C40016215E /* gua14.tiff */ = {isa = PBXFileReference; lastKnownFileType = image.tiff; path = gua14.tiff; sourceTree = "<group>"; };
		49143EFA1C27A1C40016215E /* gua15.tiff */ = {isa = PBXFileReference; lastKnownFileType = image.tiff; path = gua15.tiff; sourceTree = "<group>"; };
		49143EFB1C27A1C40016215E /* gua16.tiff */ = {isa = PBXFileReference; lastKnownFileType = image.tiff; path = gua16.tiff; sourceTree = "<group>"; };
		49143EFC1C27A1C40016215E /* gua2.tiff */ = {isa = PBXFileReference; lastKnownFileType = image.tiff; path = gua2.tiff; sourceTree = "<group>"; };
		49143EFD1C27A1C40016215E /* gua3.tiff */ = {isa = PBXFileReference; lastKnownFileType = image.tiff; path = gua3.tiff; sourceTree = "<group>"; };
		49143EFE1C27A1C40016215E /* gua4.tiff */ = {isa = PBXFileReference; lastKnownFileType = image.tiff; path = gua4.tiff; sourceTree = "<group>"; };
		49143EFF1C27A1C40016215E /* gua5.tiff */ = {isa = PBXFileReference; lastKnownFileType = image.tiff; path = gua5.tiff; sourceTree = "<group>"; };
		49143F001C27A1C40016215E /* gua6.tiff */ = {isa = PBXFileReference; lastKnownFileType = image.tiff; path = gua6.tiff; sourceTree = "<group>"; };
		49143F011C27A1C40016215E /* gua7.tiff */ = {isa = PBXFileReference; lastKnownFileType = image.tiff; path = gua7.tiff; sourceTree = "<group>"; };
		49143F021C27A1C40016215E /* gua8.tiff */ = {isa = PBXFileReference; lastKnownFileType = image.tiff; path = gua8.tiff; sourceTree = "<group>"; };
		49143F031C27A1C40016215E /* gua9.tiff */ = {isa = PBXFileReference; lastKnownFileType = image.tiff; path = gua9.tiff; sourceTree = "<group>"; };
		49143F051C27A1C40016215E /* Default@2x.png */ = {isa = PBXFileReference; lastKnownFileType = image.png; path = "Default@2x.png"; sourceTree = "<group>"; };
		49143F061C27A1C40016215E /* Icon.png */ = {isa = PBXFileReference; lastKnownFileType = image.png; path = Icon.png; sourceTree = "<group>"; };
		49143F071C27A1C40016215E /* Icon@2x.png */ = {isa = PBXFileReference; lastKnownFileType = image.png; path = "Icon@2x.png"; sourceTree = "<group>"; };
		49143F091C27A1C40016215E /* plants1.tiff */ = {isa = PBXFileReference; lastKnownFileType = image.tiff; path = plants1.tiff; sourceTree = "<group>"; };
		49143F0A1C27A1C40016215E /* plants2.tiff */ = {isa = PBXFileReference; lastKnownFileType = image.tiff; path = plants2.tiff; sourceTree = "<group>"; };
		49143F0B1C27A1C40016215E /* plants3.tiff */ = {isa = PBXFileReference; lastKnownFileType = image.tiff; path = plants3.tiff; sourceTree = "<group>"; };
		49143F0C1C27A1C40016215E /* plants4.tiff */ = {isa = PBXFileReference; lastKnownFileType = image.tiff; path = plants4.tiff; sourceTree = "<group>"; };
		49143F0D1C27A1C40016215E /* plants5.tiff */ = {isa = PBXFileReference; lastKnownFileType = image.tiff; path = plants5.tiff; sourceTree = "<group>"; };
		49143F0E1C27A1C40016215E /* plants6.tiff */ = {isa = PBXFileReference; lastKnownFileType = image.tiff; path = plants6.tiff; sourceTree = "<group>"; };
		49143F0F1C27A1C40016215E /* plants7.tiff */ = {isa = PBXFileReference; lastKnownFileType = image.tiff; path = plants7.tiff; sourceTree = "<group>"; };
		49143F101C27A1C40016215E /* plants8.tiff */ = {isa = PBXFileReference; lastKnownFileType = image.tiff; path = plants8.tiff; sourceTree = "<group>"; };
		49143F111C27A1C40016215E /* plants9.tiff */ = {isa = PBXFileReference; lastKnownFileType = image.tiff; path = plants9.tiff; sourceTree = "<group>"; };
		49143F131C27A1C40016215E /* Zombie0.tiff */ = {isa = PBXFileReference; lastKnownFileType = image.tiff; path = Zombie0.tiff; sourceTree = "<group>"; };
		49143F141C27A1C40016215E /* Zombie1.tiff */ = {isa = PBXFileReference; lastKnownFileType = image.tiff; path = Zombie1.tiff; sourceTree = "<group>"; };
		49143F151C27A1C40016215E /* Zombie10.tiff */ = {isa = PBXFileReference; lastKnownFileType = image.tiff; path = Zombie10.tiff; sourceTree = "<group>"; };
		49143F161C27A1C40016215E /* Zombie11.tiff */ = {isa = PBXFileReference; lastKnownFileType = image.tiff; path = Zombie11.tiff; sourceTree = "<group>"; };
		49143F171C27A1C40016215E /* Zombie12.tiff */ = {isa = PBXFileReference; lastKnownFileType = image.tiff; path = Zombie12.tiff; sourceTree = "<group>"; };
		49143F181C27A1C40016215E /* Zombie13.tiff */ = {isa = PBXFileReference; lastKnownFileType = image.tiff; path = Zombie13.tiff; sourceTree = "<group>"; };
		49143F191C27A1C40016215E /* Zombie14.tiff */ = {isa = PBXFileReference; lastKnownFileType = image.tiff; path = Zombie14.tiff; sourceTree = "<group>"; };
		49143F1A1C27A1C40016215E /* Zombie15.tiff */ = {isa = PBXFileReference; lastKnownFileType = image.tiff; path = Zombie15.tiff; sourceTree = "<group>"; };
		49143F1B1C27A1C40016215E /* Zombie16.tiff */ = {isa = PBXFileReference; lastKnownFileType = image.tiff; path = Zombie16.tiff; sourceTree = "<group>"; };
		49143F1C1C27A1C40016215E /* Zombie17.tiff */ = {isa = PBXFileReference; lastKnownFileType = image.tiff; path = Zombie17.tiff; sourceTree = "<group>"; };
		49143F1D1C27A1C40016215E /* Zombie18.tiff */ = {isa = PBXFileReference; lastKnownFileType = image.tiff; path = Zombie18.tiff; sourceTree = "<group>"; };
		49143F1E1C27A1C40016215E /* Zombie19.tiff */ = {isa = PBXFileReference; lastKnownFileType = image.tiff; path = Zombie19.tiff; sourceTree = "<group>"; };
		49143F1F1C27A1C40016215E /* Zombie2.tiff */ = {isa = PBXFileReference; lastKnownFileType = image.tiff; path = Zombie2.tiff; sourceTree = "<group>"; };
		49143F201C27A1C40016215E /* Zombie20.tiff */ = {isa = PBXFileReference; lastKnownFileType = image.tiff; path = Zombie20.tiff; sourceTree = "<group>"; };
		49143F211C27A1C40016215E /* Zombie21.tiff */ = {isa = PBXFileReference; lastKnownFileType = image.tiff; path = Zombie21.tiff; sourceTree = "<group>"; };
		49143F221C27A1C40016215E /* Zombie3.tiff */ = {isa = PBXFileReference; lastKnownFileType = image.tiff; path = Zombie3.tiff; sourceTree = "<group>"; };
		49143F231C27A1C40016215E /* Zombie4.tiff */ = {isa = PBXFileReference; lastKnownFileType = image.tiff; path = Zombie4.tiff; sourceTree = "<group>"; };
		49143F241C27A1C40016215E /* Zombie5.tiff */ = {isa = PBXFileReference; lastKnownFileType = image.tiff; path = Zombie5.tiff; sourceTree = "<group>"; };
		49143F251C27A1C40016215E /* Zombie6.tiff */ = {isa = PBXFileReference; lastKnownFileType = image.tiff; path = Zombie6.tiff; sourceTree = "<group>"; };
		49143F261C27A1C40016215E /* Zombie7.tiff */ = {isa = PBXFileReference; lastKnownFileType = image.tiff; path = Zombie7.tiff; sourceTree = "<group>"; };
		49143F271C27A1C40016215E /* Zombie8.tiff */ = {isa = PBXFileReference; lastKnownFileType = image.tiff; path = Zombie8.tiff; sourceTree = "<group>"; };
		49143F281C27A1C40016215E /* Zombie9.tiff */ = {isa = PBXFileReference; lastKnownFileType = image.tiff; path = Zombie9.tiff; sourceTree = "<group>"; };
		49143F8B1C27AD820016215E /* 1.png */ = {isa = PBXFileReference; lastKnownFileType = image.png; path = 1.png; sourceTree = "<group>"; };
		49143F8C1C27AD820016215E /* 5.png */ = {isa = PBXFileReference; lastKnownFileType = image.png; path = 5.png; sourceTree = "<group>"; };
/* End PBXFileReference section */

/* Begin PBXFrameworksBuildPhase section */
		49143E8B1C279F0E0016215E /* Frameworks */ = {
			isa = PBXFrameworksBuildPhase;
			buildActionMask = 2147483647;
			files = (
			);
			runOnlyForDeploymentPostprocessing = 0;
		};
		49143EA41C279F0E0016215E /* Frameworks */ = {
			isa = PBXFrameworksBuildPhase;
			buildActionMask = 2147483647;
			files = (
			);
			runOnlyForDeploymentPostprocessing = 0;
		};
		49143EAF1C279F0E0016215E /* Frameworks */ = {
			isa = PBXFrameworksBuildPhase;
			buildActionMask = 2147483647;
			files = (
			);
			runOnlyForDeploymentPostprocessing = 0;
		};
/* End PBXFrameworksBuildPhase section */

/* Begin PBXGroup section */
		49143E851C279F0E0016215E = {
			isa = PBXGroup;
			children = (
				49143E901C279F0E0016215E /* UI_UIControl_UISwitch_UISlider_UISegmentControl */,
				49143EAA1C279F0E0016215E /* UI_UIControl_UISwitch_UISlider_UISegmentControlTests */,
				49143EB51C279F0E0016215E /* UI_UIControl_UISwitch_UISlider_UISegmentControlUITests */,
				49143E8F1C279F0E0016215E /* Products */,
			);
			sourceTree = "<group>";
		};
		49143E8F1C279F0E0016215E /* Products */ = {
			isa = PBXGroup;
			children = (
				49143E8E1C279F0E0016215E /* UI_UIControl_UISwitch_UISlider_UISegmentControl.app */,
				49143EA71C279F0E0016215E /* UI_UIControl_UISwitch_UISlider_UISegmentControlTests.xctest */,
				49143EB21C279F0E0016215E /* UI_UIControl_UISwitch_UISlider_UISegmentControlUITests.xctest */,
			);
			name = Products;
			sourceTree = "<group>";
		};
		49143E901C279F0E0016215E /* UI_UIControl_UISwitch_UISlider_UISegmentControl */ = {
			isa = PBXGroup;
			children = (
				49143E941C279F0E0016215E /* AppDelegate.h */,
				49143E951C279F0E0016215E /* AppDelegate.m */,
				49143E971C279F0E0016215E /* ViewController.h */,
				49143E981C279F0E0016215E /* ViewController.m */,
				49143E9A1C279F0E0016215E /* Main.storyboard */,
				49143E9D1C279F0E0016215E /* Assets.xcassets */,
				49143E9F1C279F0E0016215E /* LaunchScreen.storyboard */,
				49143EA21C279F0E0016215E /* Info.plist */,
				49143F8B1C27AD820016215E /* 1.png */,
				49143F8C1C27AD820016215E /* 5.png */,
				49143EC41C27A1C40016215E /* 植物大战僵尸动画 */,
				49143E911C279F0E0016215E /* Supporting Files */,
			);
			path = UI_UIControl_UISwitch_UISlider_UISegmentControl;
			sourceTree = "<group>";
		};
		49143E911C279F0E0016215E /* Supporting Files */ = {
			isa = PBXGroup;
			children = (
				49143E921C279F0E0016215E /* main.m */,
			);
			name = "Supporting Files";
			sourceTree = "<group>";
		};
		49143EAA1C279F0E0016215E /* UI_UIControl_UISwitch_UISlider_UISegmentControlTests */ = {
			isa = PBXGroup;
			children = (
				49143EAB1C279F0E0016215E /* UI_UIControl_UISwitch_UISlider_UISegmentControlTests.m */,
				49143EAD1C279F0E0016215E /* Info.plist */,
			);
			path = UI_UIControl_UISwitch_UISlider_UISegmentControlTests;
			sourceTree = "<group>";
		};
		49143EB51C279F0E0016215E /* UI_UIControl_UISwitch_UISlider_UISegmentControlUITests */ = {
			isa = PBXGroup;
			children = (
				49143EB61C279F0E0016215E /* UI_UIControl_UISwitch_UISlider_UISegmentControlUITests.m */,
				49143EB81C279F0E0016215E /* Info.plist */,
			);
			path = UI_UIControl_UISwitch_UISlider_UISegmentControlUITests;
			sourceTree = "<group>";
		};
		49143EC41C27A1C40016215E /* 植物大战僵尸动画 */ = {
			isa = PBXGroup;
			children = (
				49143EC51C27A1C40016215E /* BackGround.png */,
				49143EC61C27A1C40016215E /* BZombie */,
				49143EE01C27A1C40016215E /* flower */,
				49143EF31C27A1C40016215E /* gua */,
				49143F041C27A1C40016215E /* Icon */,
				49143F081C27A1C40016215E /* plants */,
				49143F121C27A1C40016215E /* zombie */,
			);
			path = "植物大战僵尸动画";
			sourceTree = "<group>";
		};
		49143EC61C27A1C40016215E /* BZombie */ = {
			isa = PBXGroup;
			children = (
				49143EC71C27A1C40016215E /* BZombie1.tiff */,
				49143EC81C27A1C40016215E /* BZombie10.tiff */,
				49143EC91C27A1C40016215E /* BZombie11.tiff */,
				49143ECA1C27A1C40016215E /* BZombie12.tiff */,
				49143ECB1C27A1C40016215E /* BZombie13.tiff */,
				49143ECC1C27A1C40016215E /* BZombie14.tiff */,
				49143ECD1C27A1C40016215E /* BZombie15.tiff */,
				49143ECE1C27A1C40016215E /* BZombie16.tiff */,
				49143ECF1C27A1C40016215E /* BZombie17.tiff */,
				49143ED01C27A1C40016215E /* BZombie18.tiff */,
				49143ED11C27A1C40016215E /* BZombie19.tiff */,
				49143ED21C27A1C40016215E /* BZombie2.tiff */,
				49143ED31C27A1C40016215E /* BZombie20.tiff */,
				49143ED41C27A1C40016215E /* BZombie21.tiff */,
				49143ED51C27A1C40016215E /* BZombie22.tiff */,
				49143ED61C27A1C40016215E /* BZombie23.tiff */,
				49143ED71C27A1C40016215E /* BZombie24.tiff */,
				49143ED81C27A1C40016215E /* BZombie25.tiff */,
				49143ED91C27A1C40016215E /* BZombie3.tiff */,
				49143EDA1C27A1C40016215E /* BZombie4.tiff */,
				49143EDB1C27A1C40016215E /* BZombie5.tiff */,
				49143EDC1C27A1C40016215E /* BZombie6.tiff */,
				49143EDD1C27A1C40016215E /* BZombie7.tiff */,
				49143EDE1C27A1C40016215E /* BZombie8.tiff */,
				49143EDF1C27A1C40016215E /* BZombie9.tiff */,
			);
			path = BZombie;
			sourceTree = "<group>";
		};
		49143EE01C27A1C40016215E /* flower */ = {
			isa = PBXGroup;
			children = (
				49143EE11C27A1C40016215E /* flower1.tiff */,
				49143EE21C27A1C40016215E /* flower10.tiff */,
				49143EE31C27A1C40016215E /* flower11.tiff */,
				49143EE41C27A1C40016215E /* flower12.tiff */,
				49143EE51C27A1C40016215E /* flower13.tiff */,
				49143EE61C27A1C40016215E /* flower14.tiff */,
				49143EE71C27A1C40016215E /* flower15.tiff */,
				49143EE81C27A1C40016215E /* flower16.tiff */,
				49143EE91C27A1C40016215E /* flower17.tiff */,
				49143EEA1C27A1C40016215E /* flower18.tiff */,
				49143EEB1C27A1C40016215E /* flower2.tiff */,
				49143EEC1C27A1C40016215E /* flower3.tiff */,
				49143EED1C27A1C40016215E /* flower4.tiff */,
				49143EEE1C27A1C40016215E /* flower5.tiff */,
				49143EEF1C27A1C40016215E /* flower6.tiff */,
				49143EF01C27A1C40016215E /* flower7.tiff */,
				49143EF11C27A1C40016215E /* flower8.tiff */,
				49143EF21C27A1C40016215E /* flower9.tiff */,
			);
			path = flower;
			sourceTree = "<group>";
		};
		49143EF31C27A1C40016215E /* gua */ = {
			isa = PBXGroup;
			children = (
				49143EF41C27A1C40016215E /* gua1.tiff */,
				49143EF51C27A1C40016215E /* gua10.tiff */,
				49143EF61C27A1C40016215E /* gua11.tiff */,
				49143EF71C27A1C40016215E /* gua12.tiff */,
				49143EF81C27A1C40016215E /* gua13.tiff */,
				49143EF91C27A1C40016215E /* gua14.tiff */,
				49143EFA1C27A1C40016215E /* gua15.tiff */,
				49143EFB1C27A1C40016215E /* gua16.tiff */,
				49143EFC1C27A1C40016215E /* gua2.tiff */,
				49143EFD1C27A1C40016215E /* gua3.tiff */,
				49143EFE1C27A1C40016215E /* gua4.tiff */,
				49143EFF1C27A1C40016215E /* gua5.tiff */,
				49143F001C27A1C40016215E /* gua6.tiff */,
				49143F011C27A1C40016215E /* gua7.tiff */,
				49143F021C27A1C40016215E /* gua8.tiff */,
				49143F031C27A1C40016215E /* gua9.tiff */,
			);
			path = gua;
			sourceTree = "<group>";
		};
		49143F041C27A1C40016215E /* Icon */ = {
			isa = PBXGroup;
			children = (
				49143F051C27A1C40016215E /* Default@2x.png */,
				49143F061C27A1C40016215E /* Icon.png */,
				49143F071C27A1C40016215E /* Icon@2x.png */,
			);
			path = Icon;
			sourceTree = "<group>";
		};
		49143F081C27A1C40016215E /* plants */ = {
			isa = PBXGroup;
			children = (
				49143F091C27A1C40016215E /* plants1.tiff */,
				49143F0A1C27A1C40016215E /* plants2.tiff */,
				49143F0B1C27A1C40016215E /* plants3.tiff */,
				49143F0C1C27A1C40016215E /* plants4.tiff */,
				49143F0D1C27A1C40016215E /* plants5.tiff */,
				49143F0E1C27A1C40016215E /* plants6.tiff */,
				49143F0F1C27A1C40016215E /* plants7.tiff */,
				49143F101C27A1C40016215E /* plants8.tiff */,
				49143F111C27A1C40016215E /* plants9.tiff */,
			);
			path = plants;
			sourceTree = "<group>";
		};
		49143F121C27A1C40016215E /* zombie */ = {
			isa = PBXGroup;
			children = (
				49143F131C27A1C40016215E /* Zombie0.tiff */,
				49143F141C27A1C40016215E /* Zombie1.tiff */,
				49143F151C27A1C40016215E /* Zombie10.tiff */,
				49143F161C27A1C40016215E /* Zombie11.tiff */,
				49143F171C27A1C40016215E /* Zombie12.tiff */,
				49143F181C27A1C40016215E /* Zombie13.tiff */,
				49143F191C27A1C40016215E /* Zombie14.tiff */,
				49143F1A1C27A1C40016215E /* Zombie15.tiff */,
				49143F1B1C27A1C40016215E /* Zombie16.tiff */,
				49143F1C1C27A1C40016215E /* Zombie17.tiff */,
				49143F1D1C27A1C40016215E /* Zombie18.tiff */,
				49143F1E1C27A1C40016215E /* Zombie19.tiff */,
				49143F1F1C27A1C40016215E /* Zombie2.tiff */,
				49143F201C27A1C40016215E /* Zombie20.tiff */,
				49143F211C27A1C40016215E /* Zombie21.tiff */,
				49143F221C27A1C40016215E /* Zombie3.tiff */,
				49143F231C27A1C40016215E /* Zombie4.tiff */,
				49143F241C27A1C40016215E /* Zombie5.tiff */,
				49143F251C27A1C40016215E /* Zombie6.tiff */,
				49143F261C27A1C40016215E /* Zombie7.tiff */,
				49143F271C27A1C40016215E /* Zombie8.tiff */,
				49143F281C27A1C40016215E /* Zombie9.tiff */,
			);
			path = zombie;
			sourceTree = "<group>";
		};
/* End PBXGroup section */

/* Begin PBXNativeTarget section */
		49143E8D1C279F0E0016215E /* UI_UIControl_UISwitch_UISlider_UISegmentControl */ = {
			isa = PBXNativeTarget;
			buildConfigurationList = 49143EBB1C279F0E0016215E /* Build configuration list for PBXNativeTarget "UI_UIControl_UISwitch_UISlider_UISegmentControl" */;
			buildPhases = (
				49143E8A1C279F0E0016215E /* Sources */,
				49143E8B1C279F0E0016215E /* Frameworks */,
				49143E8C1C279F0E0016215E /* Resources */,
			);
			buildRules = (
			);
			dependencies = (
			);
			name = UI_UIControl_UISwitch_UISlider_UISegmentControl;
			productName = UI_UIControl_UISwitch_UISlider_UISegmentControl;
			productReference = 49143E8E1C279F0E0016215E /* UI_UIControl_UISwitch_UISlider_UISegmentControl.app */;
			productType = "com.apple.product-type.application";
		};
		49143EA61C279F0E0016215E /* UI_UIControl_UISwitch_UISlider_UISegmentControlTests */ = {
			isa = PBXNativeTarget;
			buildConfigurationList = 49143EBE1C279F0E0016215E /* Build configuration list for PBXNativeTarget "UI_UIControl_UISwitch_UISlider_UISegmentControlTests" */;
			buildPhases = (
				49143EA31C279F0E0016215E /* Sources */,
				49143EA41C279F0E0016215E /* Frameworks */,
				49143EA51C279F0E0016215E /* Resources */,
			);
			buildRules = (
			);
			dependencies = (
				49143EA91C279F0E0016215E /* PBXTargetDependency */,
			);
			name = UI_UIControl_UISwitch_UISlider_UISegmentControlTests;
			productName = UI_UIControl_UISwitch_UISlider_UISegmentControlTests;
			productReference = 49143EA71C279F0E0016215E /* UI_UIControl_UISwitch_UISlider_UISegmentControlTests.xctest */;
			productType = "com.apple.product-type.bundle.unit-test";
		};
		49143EB11C279F0E0016215E /* UI_UIControl_UISwitch_UISlider_UISegmentControlUITests */ = {
			isa = PBXNativeTarget;
			buildConfigurationList = 49143EC11C279F0E0016215E /* Build configuration list for PBXNativeTarget "UI_UIControl_UISwitch_UISlider_UISegmentControlUITests" */;
			buildPhases = (
				49143EAE1C279F0E0016215E /* Sources */,
				49143EAF1C279F0E0016215E /* Frameworks */,
				49143EB01C279F0E0016215E /* Resources */,
			);
			buildRules = (
			);
			dependencies = (
				49143EB41C279F0E0016215E /* PBXTargetDependency */,
			);
			name = UI_UIControl_UISwitch_UISlider_UISegmentControlUITests;
			productName = UI_UIControl_UISwitch_UISlider_UISegmentControlUITests;
			productReference = 49143EB21C279F0E0016215E /* UI_UIControl_UISwitch_UISlider_UISegmentControlUITests.xctest */;
			productType = "com.apple.product-type.bundle.ui-testing";
		};
/* End PBXNativeTarget section */

/* Begin PBXProject section */
		49143E861C279F0E0016215E /* Project object */ = {
			isa = PBXProject;
			attributes = {
				LastUpgradeCheck = 0710;
				ORGANIZATIONNAME = lanou.com;
				TargetAttributes = {
					49143E8D1C279F0E0016215E = {
						CreatedOnToolsVersion = 7.1;
					};
					49143EA61C279F0E0016215E = {
						CreatedOnToolsVersion = 7.1;
						TestTargetID = 49143E8D1C279F0E0016215E;
					};
					49143EB11C279F0E0016215E = {
						CreatedOnToolsVersion = 7.1;
						TestTargetID = 49143E8D1C279F0E0016215E;
					};
				};
			};
			buildConfigurationList = 49143E891C279F0E0016215E /* Build configuration list for PBXProject "UI_UIControl_UISwitch_UISlider_UISegmentControl" */;
			compatibilityVersion = "Xcode 3.2";
			developmentRegion = English;
			hasScannedForEncodings = 0;
			knownRegions = (
				en,
				Base,
			);
			mainGroup = 49143E851C279F0E0016215E;
			productRefGroup = 49143E8F1C279F0E0016215E /* Products */;
			projectDirPath = "";
			projectRoot = "";
			targets = (
				49143E8D1C279F0E0016215E /* UI_UIControl_UISwitch_UISlider_UISegmentControl */,
				49143EA61C279F0E0016215E /* UI_UIControl_UISwitch_UISlider_UISegmentControlTests */,
				49143EB11C279F0E0016215E /* UI_UIControl_UISwitch_UISlider_UISegmentControlUITests */,
			);
		};
/* End PBXProject section */

/* Begin PBXResourcesBuildPhase section */
		49143E8C1C279F0E0016215E /* Resources */ = {
			isa = PBXResourcesBuildPhase;
			buildActionMask = 2147483647;
			files = (
				49143F5E1C27A1C40016215E /* gua3.tiff in Resources */,
				49143F531C27A1C40016215E /* flower8.tiff in Resources */,
				49143F2D1C27A1C40016215E /* BZombie12.tiff in Resources */,
				49143F7D1C27A1C40016215E /* Zombie2.tiff in Resources */,
				49143F691C27A1C40016215E /* plants2.tiff in Resources */,
				49143F2A1C27A1C40016215E /* BZombie1.tiff in Resources */,
				49143F701C27A1C40016215E /* plants9.tiff in Resources */,
				49143F521C27A1C40016215E /* flower7.tiff in Resources */,
				49143F4F1C27A1C40016215E /* flower4.tiff in Resources */,
				49143F331C27A1C40016215E /* BZombie18.tiff in Resources */,
				49143F7B1C27A1C40016215E /* Zombie18.tiff in Resources */,
				49143F661C27A1C40016215E /* Icon.png in Resources */,
				49143F5F1C27A1C40016215E /* gua4.tiff in Resources */,
				49143F381C27A1C40016215E /* BZombie22.tiff in Resources */,
				49143F6D1C27A1C40016215E /* plants6.tiff in Resources */,
				49143F361C27A1C40016215E /* BZombie20.tiff in Resources */,
				49143F491C27A1C40016215E /* flower15.tiff in Resources */,
				49143EA11C279F0E0016215E /* LaunchScreen.storyboard in Resources */,
				49143F5B1C27A1C40016215E /* gua15.tiff in Resources */,
				49143F4A1C27A1C40016215E /* flower16.tiff in Resources */,
				49143F341C27A1C40016215E /* BZombie19.tiff in Resources */,
				49143F611C27A1C40016215E /* gua6.tiff in Resources */,
				49143F781C27A1C40016215E /* Zombie15.tiff in Resources */,
				49143F2C1C27A1C40016215E /* BZombie11.tiff in Resources */,
				49143F581C27A1C40016215E /* gua12.tiff in Resources */,
				49143F3D1C27A1C40016215E /* BZombie4.tiff in Resources */,
				49143F4C1C27A1C40016215E /* flower18.tiff in Resources */,
				49143F8D1C27AD820016215E /* 1.png in Resources */,
				49143F601C27A1C40016215E /* gua5.tiff in Resources */,
				49143F4D1C27A1C40016215E /* flower2.tiff in Resources */,
				49143F311C27A1C40016215E /* BZombie16.tiff in Resources */,
				49143F6B1C27A1C40016215E /* plants4.tiff in Resources */,
				49143F301C27A1C40016215E /* BZombie15.tiff in Resources */,
				49143F8E1C27AD820016215E /* 5.png in Resources */,
				49143F401C27A1C40016215E /* BZombie7.tiff in Resources */,
				49143F6F1C27A1C40016215E /* plants8.tiff in Resources */,
				49143F681C27A1C40016215E /* plants1.tiff in Resources */,
				49143F411C27A1C40016215E /* BZombie8.tiff in Resources */,
				49143F2F1C27A1C40016215E /* BZombie14.tiff in Resources */,
				49143F741C27A1C40016215E /* Zombie11.tiff in Resources */,
				49143F5D1C27A1C40016215E /* gua2.tiff in Resources */,
				49143F591C27A1C40016215E /* gua13.tiff in Resources */,
				49143F561C27A1C40016215E /* gua10.tiff in Resources */,
				49143F831C27A1C40016215E /* Zombie6.tiff in Resources */,
				49143F641C27A1C40016215E /* gua9.tiff in Resources */,
				49143F481C27A1C40016215E /* flower14.tiff in Resources */,
				49143F6A1C27A1C40016215E /* plants3.tiff in Resources */,
				49143F291C27A1C40016215E /* BackGround.png in Resources */,
				49143F621C27A1C40016215E /* gua7.tiff in Resources */,
				49143F471C27A1C40016215E /* flower13.tiff in Resources */,
				49143F7A1C27A1C40016215E /* Zombie17.tiff in Resources */,
				49143F4B1C27A1C40016215E /* flower17.tiff in Resources */,
				49143F751C27A1C40016215E /* Zombie12.tiff in Resources */,
				49143F541C27A1C40016215E /* flower9.tiff in Resources */,
				49143F761C27A1C40016215E /* Zombie13.tiff in Resources */,
				49143F711C27A1C40016215E /* Zombie0.tiff in Resources */,
				49143F811C27A1C40016215E /* Zombie4.tiff in Resources */,
				49143F3C1C27A1C40016215E /* BZombie3.tiff in Resources */,
				49143F731C27A1C40016215E /* Zombie10.tiff in Resources */,
				49143F321C27A1C40016215E /* BZombie17.tiff in Resources */,
				49143F431C27A1C40016215E /* flower1.tiff in Resources */,
				49143F7C1C27A1C40016215E /* Zombie19.tiff in Resources */,
				49143F5A1C27A1C40016215E /* gua14.tiff in Resources */,
				49143E9E1C279F0E0016215E /* Assets.xcassets in Resources */,
				49143F551C27A1C40016215E /* gua1.tiff in Resources */,
				49143F421C27A1C40016215E /* BZombie9.tiff in Resources */,
				49143F511C27A1C40016215E /* flower6.tiff in Resources */,
				49143F851C27A1C40016215E /* Zombie8.tiff in Resources */,
				49143F3A1C27A1C40016215E /* BZombie24.tiff in Resources */,
				49143F451C27A1C40016215E /* flower11.tiff in Resources */,
				49143F7F1C27A1C40016215E /* Zombie21.tiff in Resources */,
				49143F391C27A1C40016215E /* BZombie23.tiff in Resources */,
				49143F771C27A1C40016215E /* Zombie14.tiff in Resources */,
				49143F671C27A1C40016215E /* Icon@2x.png in Resources */,
				49143F651C27A1C40016215E /* Default@2x.png in Resources */,
				49143F3F1C27A1C40016215E /* BZombie6.tiff in Resources */,
				49143F2B1C27A1C40016215E /* BZombie10.tiff in Resources */,
				49143F371C27A1C40016215E /* BZombie21.tiff in Resources */,
				49143F4E1C27A1C40016215E /* flower3.tiff in Resources */,
				49143F3E1C27A1C40016215E /* BZombie5.tiff in Resources */,
				49143F861C27A1C40016215E /* Zombie9.tiff in Resources */,
				49143F5C1C27A1C40016215E /* gua16.tiff in Resources */,
				49143F801C27A1C40016215E /* Zombie3.tiff in Resources */,
				49143F6C1C27A1C40016215E /* plants5.tiff in Resources */,
				49143F441C27A1C40016215E /* flower10.tiff in Resources */,
				49143F721C27A1C40016215E /* Zombie1.tiff in Resources */,
				49143F3B1C27A1C40016215E /* BZombie25.tiff in Resources */,
				49143F841C27A1C40016215E /* Zombie7.tiff in Resources */,
				49143F501C27A1C40016215E /* flower5.tiff in Resources */,
				49143F7E1C27A1C40016215E /* Zombie20.tiff in Resources */,
				49143F461C27A1C40016215E /* flower12.tiff in Resources */,
				49143F791C27A1C40016215E /* Zombie16.tiff in Resources */,
				49143F631C27A1C40016215E /* gua8.tiff in Resources */,
				49143F571C27A1C40016215E /* gua11.tiff in Resources */,
				49143F2E1C27A1C40016215E /* BZombie13.tiff in Resources */,
				49143F351C27A1C40016215E /* BZombie2.tiff in Resources */,
				49143E9C1C279F0E0016215E /* Main.storyboard in Resources */,
				49143F6E1C27A1C40016215E /* plants7.tiff in Resources */,
				49143F821C27A1C40016215E /* Zombie5.tiff in Resources */,
			);
			runOnlyForDeploymentPostprocessing = 0;
		};
		49143EA51C279F0E0016215E /* Resources */ = {
			isa = PBXResourcesBuildPhase;
			buildActionMask = 2147483647;
			files = (
			);
			runOnlyForDeploymentPostprocessing = 0;
		};
		49143EB01C279F0E0016215E /* Resources */ = {
			isa = PBXResourcesBuildPhase;
			buildActionMask = 2147483647;
			files = (
			);
			runOnlyForDeploymentPostprocessing = 0;
		};
/* End PBXResourcesBuildPhase section */

/* Begin PBXSourcesBuildPhase section */
		49143E8A1C279F0E0016215E /* Sources */ = {
			isa = PBXSourcesBuildPhase;
			buildActionMask = 2147483647;
			files = (
				49143E991C279F0E0016215E /* ViewController.m in Sources */,
				49143E961C279F0E0016215E /* AppDelegate.m in Sources */,
				49143E931C279F0E0016215E /* main.m in Sources */,
			);
			runOnlyForDeploymentPostprocessing = 0;
		};
		49143EA31C279F0E0016215E /* Sources */ = {
			isa = PBXSourcesBuildPhase;
			buildActionMask = 2147483647;
			files = (
				49143EAC1C279F0E0016215E /* UI_UIControl_UISwitch_UISlider_UISegmentControlTests.m in Sources */,
			);
			runOnlyForDeploymentPostprocessing = 0;
		};
		49143EAE1C279F0E0016215E /* Sources */ = {
			isa = PBXSourcesBuildPhase;
			buildActionMask = 2147483647;
			files = (
				49143EB71C279F0E0016215E /* UI_UIControl_UISwitch_UISlider_UISegmentControlUITests.m in Sources */,
			);
			runOnlyForDeploymentPostprocessing = 0;
		};
/* End PBXSourcesBuildPhase section */

/* Begin PBXTargetDependency section */
		49143EA91C279F0E0016215E /* PBXTargetDependency */ = {
			isa = PBXTargetDependency;
			target = 49143E8D1C279F0E0016215E /* UI_UIControl_UISwitch_UISlider_UISegmentControl */;
			targetProxy = 49143EA81C279F0E0016215E /* PBXContainerItemProxy */;
		};
		49143EB41C279F0E0016215E /* PBXTargetDependency */ = {
			isa = PBXTargetDependency;
			target = 49143E8D1C279F0E0016215E /* UI_UIControl_UISwitch_UISlider_UISegmentControl */;
			targetProxy = 49143EB31C279F0E0016215E /* PBXContainerItemProxy */;
		};
/* End PBXTargetDependency section */

/* Begin PBXVariantGroup section */
		49143E9A1C279F0E0016215E /* Main.storyboard */ = {
			isa = PBXVariantGroup;
			children = (
				49143E9B1C279F0E0016215E /* Base */,
			);
			name = Main.storyboard;
			sourceTree = "<group>";
		};
		49143E9F1C279F0E0016215E /* LaunchScreen.storyboard */ = {
			isa = PBXVariantGroup;
			children = (
				49143EA01C279F0E0016215E /* Base */,
			);
			name = LaunchScreen.storyboard;
			sourceTree = "<group>";
		};
/* End PBXVariantGroup section */

/* Begin XCBuildConfiguration section */
		49143EB91C279F0E0016215E /* Debug */ = {
			isa = XCBuildConfiguration;
			buildSettings = {
				ALWAYS_SEARCH_USER_PATHS = NO;
				CLANG_CXX_LANGUAGE_STANDARD = "gnu++0x";
				CLANG_CXX_LIBRARY = "libc++";
				CLANG_ENABLE_MODULES = YES;
				CLANG_ENABLE_OBJC_ARC = YES;
				CLANG_WARN_BOOL_CONVERSION = YES;
				CLANG_WARN_CONSTANT_CONVERSION = YES;
				CLANG_WARN_DIRECT_OBJC_ISA_USAGE = YES_ERROR;
				CLANG_WARN_EMPTY_BODY = YES;
				CLANG_WARN_ENUM_CONVERSION = YES;
				CLANG_WARN_INT_CONVERSION = YES;
				CLANG_WARN_OBJC_ROOT_CLASS = YES_ERROR;
				CLANG_WARN_UNREACHABLE_CODE = YES;
				CLANG_WARN__DUPLICATE_METHOD_MATCH = YES;
				"CODE_SIGN_IDENTITY[sdk=iphoneos*]" = "iPhone Developer";
				COPY_PHASE_STRIP = NO;
				DEBUG_INFORMATION_FORMAT = dwarf;
				ENABLE_STRICT_OBJC_MSGSEND = YES;
				ENABLE_TESTABILITY = YES;
				GCC_C_LANGUAGE_STANDARD = gnu99;
				GCC_DYNAMIC_NO_PIC = NO;
				GCC_NO_COMMON_BLOCKS = YES;
				GCC_OPTIMIZATION_LEVEL = 0;
				GCC_PREPROCESSOR_DEFINITIONS = (
					"DEBUG=1",
					"$(inherited)",
				);
				GCC_WARN_64_TO_32_BIT_CONVERSION = YES;
				GCC_WARN_ABOUT_RETURN_TYPE = YES_ERROR;
				GCC_WARN_UNDECLARED_SELECTOR = YES;
				GCC_WARN_UNINITIALIZED_AUTOS = YES_AGGRESSIVE;
				GCC_WARN_UNUSED_FUNCTION = YES;
				GCC_WARN_UNUSED_VARIABLE = YES;
				IPHONEOS_DEPLOYMENT_TARGET = 9.1;
				MTL_ENABLE_DEBUG_INFO = YES;
				ONLY_ACTIVE_ARCH = YES;
				SDKROOT = iphoneos;
			};
			name = Debug;
		};
		49143EBA1C279F0E0016215E /* Release */ = {
			isa = XCBuildConfiguration;
			buildSettings = {
				ALWAYS_SEARCH_USER_PATHS = NO;
				CLANG_CXX_LANGUAGE_STANDARD = "gnu++0x";
				CLANG_CXX_LIBRARY = "libc++";
				CLANG_ENABLE_MODULES = YES;
				CLANG_ENABLE_OBJC_ARC = YES;
				CLANG_WARN_BOOL_CONVERSION = YES;
				CLANG_WARN_CONSTANT_CONVERSION = YES;
				CLANG_WARN_DIRECT_OBJC_ISA_USAGE = YES_ERROR;
				CLANG_WARN_EMPTY_BODY = YES;
				CLANG_WARN_ENUM_CONVERSION = YES;
				CLANG_WARN_INT_CONVERSION = YES;
				CLANG_WARN_OBJC_ROOT_CLASS = YES_ERROR;
				CLANG_WARN_UNREACHABLE_CODE = YES;
				CLANG_WARN__DUPLICATE_METHOD_MATCH = YES;
				"CODE_SIGN_IDENTITY[sdk=iphoneos*]" = "iPhone Developer";
				COPY_PHASE_STRIP = NO;
				DEBUG_INFORMATION_FORMAT = "dwarf-with-dsym";
				ENABLE_NS_ASSERTIONS = NO;
				ENABLE_STRICT_OBJC_MSGSEND = YES;
				GCC_C_LANGUAGE_STANDARD = gnu99;
				GCC_NO_COMMON_BLOCKS = YES;
				GCC_WARN_64_TO_32_BIT_CONVERSION = YES;
				GCC_WARN_ABOUT_RETURN_TYPE = YES_ERROR;
				GCC_WARN_UNDECLARED_SELECTOR = YES;
				GCC_WARN_UNINITIALIZED_AUTOS = YES_AGGRESSIVE;
				GCC_WARN_UNUSED_FUNCTION = YES;
				GCC_WARN_UNUSED_VARIABLE = YES;
				IPHONEOS_DEPLOYMENT_TARGET = 9.1;
				MTL_ENABLE_DEBUG_INFO = NO;
				SDKROOT = iphoneos;
				VALIDATE_PRODUCT = YES;
			};
			name = Release;
		};
		49143EBC1C279F0E0016215E /* Debug */ = {
			isa = XCBuildConfiguration;
			buildSettings = {
				ASSETCATALOG_COMPILER_APPICON_NAME = AppIcon;
				CLANG_ENABLE_OBJC_ARC = NO;
				INFOPLIST_FILE = UI_UIControl_UISwitch_UISlider_UISegmentControl/Info.plist;
				LD_RUNPATH_SEARCH_PATHS = "$(inherited) @executable_path/Frameworks";
				PRODUCT_BUNDLE_IDENTIFIER = "com.lanou.UI-UIControl-UISwitch-UISlider-UISegmentControl";
				PRODUCT_NAME = "$(TARGET_NAME)";
			};
			name = Debug;
		};
		49143EBD1C279F0E0016215E /* Release */ = {
			isa = XCBuildConfiguration;
			buildSettings = {
				ASSETCATALOG_COMPILER_APPICON_NAME = AppIcon;
				CLANG_ENABLE_OBJC_ARC = NO;
				INFOPLIST_FILE = UI_UIControl_UISwitch_UISlider_UISegmentControl/Info.plist;
				LD_RUNPATH_SEARCH_PATHS = "$(inherited) @executable_path/Frameworks";
				PRODUCT_BUNDLE_IDENTIFIER = "com.lanou.UI-UIControl-UISwitch-UISlider-UISegmentControl";
				PRODUCT_NAME = "$(TARGET_NAME)";
			};
			name = Release;
		};
		49143EBF1C279F0E0016215E /* Debug */ = {
			isa = XCBuildConfiguration;
			buildSettings = {
				BUNDLE_LOADER = "$(TEST_HOST)";
				INFOPLIST_FILE = UI_UIControl_UISwitch_UISlider_UISegmentControlTests/Info.plist;
				LD_RUNPATH_SEARCH_PATHS = "$(inherited) @executable_path/Frameworks @loader_path/Frameworks";
				PRODUCT_BUNDLE_IDENTIFIER = "com.lanou.UI-UIControl-UISwitch-UISlider-UISegmentControlTests";
				PRODUCT_NAME = "$(TARGET_NAME)";
				TEST_HOST = "$(BUILT_PRODUCTS_DIR)/UI_UIControl_UISwitch_UISlider_UISegmentControl.app/UI_UIControl_UISwitch_UISlider_UISegmentControl";
			};
			name = Debug;
		};
		49143EC01C279F0E0016215E /* Release */ = {
			isa = XCBuildConfiguration;
			buildSettings = {
				BUNDLE_LOADER = "$(TEST_HOST)";
				INFOPLIST_FILE = UI_UIControl_UISwitch_UISlider_UISegmentControlTests/Info.plist;
				LD_RUNPATH_SEARCH_PATHS = "$(inherited) @executable_path/Frameworks @loader_path/Frameworks";
				PRODUCT_BUNDLE_IDENTIFIER = "com.lanou.UI-UIControl-UISwitch-UISlider-UISegmentControlTests";
				PRODUCT_NAME = "$(TARGET_NAME)";
				TEST_HOST = "$(BUILT_PRODUCTS_DIR)/UI_UIControl_UISwitch_UISlider_UISegmentControl.app/UI_UIControl_UISwitch_UISlider_UISegmentControl";
			};
			name = Release;
		};
		49143EC21C279F0E0016215E /* Debug */ = {
			isa = XCBuildConfiguration;
			buildSettings = {
				INFOPLIST_FILE = UI_UIControl_UISwitch_UISlider_UISegmentControlUITests/Info.plist;
				LD_RUNPATH_SEARCH_PATHS = "$(inherited) @executable_path/Frameworks @loader_path/Frameworks";
				PRODUCT_BUNDLE_IDENTIFIER = "com.lanou.UI-UIControl-UISwitch-UISlider-UISegmentControlUITests";
				PRODUCT_NAME = "$(TARGET_NAME)";
				TEST_TARGET_NAME = UI_UIControl_UISwitch_UISlider_UISegmentControl;
				USES_XCTRUNNER = YES;
			};
			name = Debug;
		};
		49143EC31C279F0E0016215E /* Release */ = {
			isa = XCBuildConfiguration;
			buildSettings = {
				INFOPLIST_FILE = UI_UIControl_UISwitch_UISlider_UISegmentControlUITests/Info.plist;
				LD_RUNPATH_SEARCH_PATHS = "$(inherited) @executable_path/Frameworks @loader_path/Frameworks";
				PRODUCT_BUNDLE_IDENTIFIER = "com.lanou.UI-UIControl-UISwitch-UISlider-UISegmentControlUITests";
				PRODUCT_NAME = "$(TARGET_NAME)";
				TEST_TARGET_NAME = UI_UIControl_UISwitch_UISlider_UISegmentControl;
				USES_XCTRUNNER = YES;
			};
			name = Release;
		};
/* End XCBuildConfiguration section */

/* Begin XCConfigurationList section */
		49143E891C279F0E0016215E /* Build configuration list for PBXProject "UI_UIControl_UISwitch_UISlider_UISegmentControl" */ = {
			isa = XCConfigurationList;
			buildConfigurations = (
				49143EB91C279F0E0016215E /* Debug */,
				49143EBA1C279F0E0016215E /* Release */,
			);
			defaultConfigurationIsVisible = 0;
			defaultConfigurationName = Release;
		};
		49143EBB1C279F0E0016215E /* Build configuration list for PBXNativeTarget "UI_UIControl_UISwitch_UISlider_UISegmentControl" */ = {
			isa = XCConfigurationList;
			buildConfigurations = (
				49143EBC1C279F0E0016215E /* Debug */,
				49143EBD1C279F0E0016215E /* Release */,
			);
			defaultConfigurationIsVisible = 0;
		};
		49143EBE1C279F0E0016215E /* Build configuration list for PBXNativeTarget "UI_UIControl_UISwitch_UISlider_UISegmentControlTests" */ = {
			isa = XCConfigurationList;
			buildConfigurations = (
				49143EBF1C279F0E0016215E /* Debug */,
				49143EC01C279F0E0016215E /* Release */,
			);
			defaultConfigurationIsVisible = 0;
		};
		49143EC11C279F0E0016215E /* Build configuration list for PBXNativeTarget "UI_UIControl_UISwitch_UISlider_UISegmentControlUITests" */ = {
			isa = XCConfigurationList;
			buildConfigurations = (
				49143EC21C279F0E0016215E /* Debug */,
				49143EC31C279F0E0016215E /* Release */,
			);
			defaultConfigurationIsVisible = 0;
		};
/* End XCConfigurationList section */
	};
	rootObject = 49143E861C279F0E0016215E /* Project object */;
}
